// !$*UTF8*$!
{
	archiveVersion = 1;
	classes = {
	};
	objectVersion = 46;
	objects = {

/* Begin PBXBuildFile section */
		656F59121FAAFDF90017649A /* PublishViewController.m in Sources */ = {isa = PBXBuildFile; fileRef = 656F59101FAAFDF90017649A /* PublishViewController.m */; };
		656F59131FAAFDF90017649A /* PublishViewController.xib in Resources */ = {isa = PBXBuildFile; fileRef = 656F59111FAAFDF90017649A /* PublishViewController.xib */; };
		657D87D71F70EA5900CD17DE /* Assets.xcassets in Resources */ = {isa = PBXBuildFile; fileRef = 657D87D61F70EA5900CD17DE /* Assets.xcassets */; };
		657D87DC1F70F05B00CD17DE /* conf-system-style.plist in Resources */ = {isa = PBXBuildFile; fileRef = 657D87D91F70F05B00CD17DE /* conf-system-style.plist */; };
		657D87DD1F70F05B00CD17DE /* com.huaaotech.core.conf.plist in Resources */ = {isa = PBXBuildFile; fileRef = 657D87DB1F70F05B00CD17DE /* com.huaaotech.core.conf.plist */; };
		6587C1C61FA97390006CBC6E /* ServerOrderCell.m in Sources */ = {isa = PBXBuildFile; fileRef = 6587C1C41FA97390006CBC6E /* ServerOrderCell.m */; };
		6587C1C71FA97390006CBC6E /* ServerOrderCell.xib in Resources */ = {isa = PBXBuildFile; fileRef = 6587C1C51FA97390006CBC6E /* ServerOrderCell.xib */; };
		6587C1CB1FA973CB006CBC6E /* ServerOrderHistoryListViewController.m in Sources */ = {isa = PBXBuildFile; fileRef = 6587C1C91FA973CB006CBC6E /* ServerOrderHistoryListViewController.m */; };
		6587C1CC1FA973CB006CBC6E /* ServerOrderHistoryListViewController.xib in Resources */ = {isa = PBXBuildFile; fileRef = 6587C1CA1FA973CB006CBC6E /* ServerOrderHistoryListViewController.xib */; };
		6587C1D01FA97C86006CBC6E /* ServerOrderListViewController.m in Sources */ = {isa = PBXBuildFile; fileRef = 6587C1CE1FA97C86006CBC6E /* ServerOrderListViewController.m */; };
		6587C1D11FA97C86006CBC6E /* ServerOrderListViewController.xib in Resources */ = {isa = PBXBuildFile; fileRef = 6587C1CF1FA97C86006CBC6E /* ServerOrderListViewController.xib */; };
		6587C1D41FA9C2C5006CBC6E /* LYDatePicker.m in Sources */ = {isa = PBXBuildFile; fileRef = 6587C1D21FA9C2C5006CBC6E /* LYDatePicker.m */; };
		874F7B5B65253AAB04A1D209 /* Pods_Ctravel.framework in Frameworks */ = {isa = PBXBuildFile; fileRef = D24043E2641704B7DD5923D5 /* Pods_Ctravel.framework */; };
		FA04A8581F98F1FE009A72DE /* ReceivablesViewController.m in Sources */ = {isa = PBXBuildFile; fileRef = FA04A8561F98F1FE009A72DE /* ReceivablesViewController.m */; };
		FA04A8591F98F1FE009A72DE /* ReceivablesViewController.xib in Resources */ = {isa = PBXBuildFile; fileRef = FA04A8571F98F1FE009A72DE /* ReceivablesViewController.xib */; };
		FA04A85E1F98F4CE009A72DE /* IncomeViewController.m in Sources */ = {isa = PBXBuildFile; fileRef = FA04A85C1F98F4CE009A72DE /* IncomeViewController.m */; };
		FA04A85F1F98F4CE009A72DE /* IncomeViewController.xib in Resources */ = {isa = PBXBuildFile; fileRef = FA04A85D1F98F4CE009A72DE /* IncomeViewController.xib */; };
		FA05D8031F7541AA00893EE3 /* ClientMsgCell.m in Sources */ = {isa = PBXBuildFile; fileRef = FA05D8011F7541AA00893EE3 /* ClientMsgCell.m */; };
		FA05D8041F7541AA00893EE3 /* ClientMsgCell.xib in Resources */ = {isa = PBXBuildFile; fileRef = FA05D8021F7541AA00893EE3 /* ClientMsgCell.xib */; };
		FA663D1D1F761756001C6F25 /* FavDetailViewController.m in Sources */ = {isa = PBXBuildFile; fileRef = FA663D1B1F761756001C6F25 /* FavDetailViewController.m */; };
		FA663D1E1F761756001C6F25 /* FavDetailViewController.xib in Resources */ = {isa = PBXBuildFile; fileRef = FA663D1C1F761756001C6F25 /* FavDetailViewController.xib */; };
		FA663D291F765EFA001C6F25 /* ServerMainViewController.m in Sources */ = {isa = PBXBuildFile; fileRef = FA663D271F765EFA001C6F25 /* ServerMainViewController.m */; };
		FA663D2A1F765EFA001C6F25 /* ServerMainViewController.xib in Resources */ = {isa = PBXBuildFile; fileRef = FA663D281F765EFA001C6F25 /* ServerMainViewController.xib */; };
		FA663D2E1F765F0F001C6F25 /* DateViewController.m in Sources */ = {isa = PBXBuildFile; fileRef = FA663D2C1F765F0F001C6F25 /* DateViewController.m */; };
		FA663D2F1F765F0F001C6F25 /* DateViewController.xib in Resources */ = {isa = PBXBuildFile; fileRef = FA663D2D1F765F0F001C6F25 /* DateViewController.xib */; };
		FA663D331F765F21001C6F25 /* ServerOrderViewController.m in Sources */ = {isa = PBXBuildFile; fileRef = FA663D311F765F21001C6F25 /* ServerOrderViewController.m */; };
		FA663D341F765F21001C6F25 /* ServerOrderViewController.xib in Resources */ = {isa = PBXBuildFile; fileRef = FA663D321F765F21001C6F25 /* ServerOrderViewController.xib */; };
		FA663D381F765F35001C6F25 /* ServerProfileViewController.m in Sources */ = {isa = PBXBuildFile; fileRef = FA663D361F765F35001C6F25 /* ServerProfileViewController.m */; };
		FA663D391F765F35001C6F25 /* ServerProfileViewController.xib in Resources */ = {isa = PBXBuildFile; fileRef = FA663D371F765F35001C6F25 /* ServerProfileViewController.xib */; };
		FA663D3D1F765F48001C6F25 /* ServerMessageViewController.m in Sources */ = {isa = PBXBuildFile; fileRef = FA663D3B1F765F48001C6F25 /* ServerMessageViewController.m */; };
		FA663D3E1F765F48001C6F25 /* ServerMessageViewController.xib in Resources */ = {isa = PBXBuildFile; fileRef = FA663D3C1F765F48001C6F25 /* ServerMessageViewController.xib */; };
		FA663D431F774A16001C6F25 /* CreatePageViewController.m in Sources */ = {isa = PBXBuildFile; fileRef = FA663D411F774A16001C6F25 /* CreatePageViewController.m */; };
		FA663D441F774A16001C6F25 /* CreatePageViewController.xib in Resources */ = {isa = PBXBuildFile; fileRef = FA663D421F774A16001C6F25 /* CreatePageViewController.xib */; };
		FA663D491F77CE56001C6F25 /* EvaluationViewController.m in Sources */ = {isa = PBXBuildFile; fileRef = FA663D471F77CE56001C6F25 /* EvaluationViewController.m */; };
		FA663D4A1F77CE56001C6F25 /* EvaluationViewController.xib in Resources */ = {isa = PBXBuildFile; fileRef = FA663D481F77CE56001C6F25 /* EvaluationViewController.xib */; };
		FA663D4E1F77D011001C6F25 /* EvaluationCell.m in Sources */ = {isa = PBXBuildFile; fileRef = FA663D4C1F77D011001C6F25 /* EvaluationCell.m */; };
		FA663D4F1F77D011001C6F25 /* EvaluationCell.xib in Resources */ = {isa = PBXBuildFile; fileRef = FA663D4D1F77D011001C6F25 /* EvaluationCell.xib */; };
		FA663D541F77D39F001C6F25 /* WatchDateCell.m in Sources */ = {isa = PBXBuildFile; fileRef = FA663D521F77D39F001C6F25 /* WatchDateCell.m */; };
		FA663D551F77D39F001C6F25 /* WatchDateCell.xib in Resources */ = {isa = PBXBuildFile; fileRef = FA663D531F77D39F001C6F25 /* WatchDateCell.xib */; };
		FA663D591F77D3B3001C6F25 /* WatchDateViewController.m in Sources */ = {isa = PBXBuildFile; fileRef = FA663D571F77D3B3001C6F25 /* WatchDateViewController.m */; };
		FA663D5A1F77D3B3001C6F25 /* WatchDateViewController.xib in Resources */ = {isa = PBXBuildFile; fileRef = FA663D581F77D3B3001C6F25 /* WatchDateViewController.xib */; };
		FA663D5F1F77DD68001C6F25 /* ProfileDetailViewController.m in Sources */ = {isa = PBXBuildFile; fileRef = FA663D5D1F77DD68001C6F25 /* ProfileDetailViewController.m */; };
		FA663D601F77DD68001C6F25 /* ProfileDetailViewController.xib in Resources */ = {isa = PBXBuildFile; fileRef = FA663D5E1F77DD68001C6F25 /* ProfileDetailViewController.xib */; };
		FA663D641F77E2BD001C6F25 /* ProfileEditViewController.m in Sources */ = {isa = PBXBuildFile; fileRef = FA663D621F77E2BD001C6F25 /* ProfileEditViewController.m */; };
		FA663D651F77E2BD001C6F25 /* ProfileEditViewController.xib in Resources */ = {isa = PBXBuildFile; fileRef = FA663D631F77E2BD001C6F25 /* ProfileEditViewController.xib */; };
		FA9C50991F83E01A0075C329 /* SLSegmentPageView.m in Sources */ = {isa = PBXBuildFile; fileRef = FA9C50981F83E01A0075C329 /* SLSegmentPageView.m */; };
		FA9C509C1F83E05C0075C329 /* EmptyDataView.m in Sources */ = {isa = PBXBuildFile; fileRef = FA9C509B1F83E05C0075C329 /* EmptyDataView.m */; };
		FA9C50A01F83E1570075C329 /* ClientCompleteViewController.m in Sources */ = {isa = PBXBuildFile; fileRef = FA9C509E1F83E1570075C329 /* ClientCompleteViewController.m */; };
		FA9C50A11F83E1570075C329 /* ClientCompleteViewController.xib in Resources */ = {isa = PBXBuildFile; fileRef = FA9C509F1F83E1570075C329 /* ClientCompleteViewController.xib */; };
		FAA4233D1F70006500C3736F /* main.m in Sources */ = {isa = PBXBuildFile; fileRef = FAA4233C1F70006500C3736F /* main.m */; };
		FAA423401F70006500C3736F /* AppDelegate.m in Sources */ = {isa = PBXBuildFile; fileRef = FAA4233F1F70006500C3736F /* AppDelegate.m */; };
		FAA423461F70006500C3736F /* Main.storyboard in Resources */ = {isa = PBXBuildFile; fileRef = FAA423441F70006500C3736F /* Main.storyboard */; };
		FAA4234B1F70006500C3736F /* LaunchScreen.storyboard in Resources */ = {isa = PBXBuildFile; fileRef = FAA423491F70006500C3736F /* LaunchScreen.storyboard */; };
		FAA4235D1F700A4900C3736F /* Const.m in Sources */ = {isa = PBXBuildFile; fileRef = FAA4235C1F700A4900C3736F /* Const.m */; };
		FAA423671F700B3E00C3736F /* JJMainScrollView.m in Sources */ = {isa = PBXBuildFile; fileRef = FAA423601F700B3E00C3736F /* JJMainScrollView.m */; };
		FAA423681F700B3E00C3736F /* JJOneScrollView.m in Sources */ = {isa = PBXBuildFile; fileRef = FAA423621F700B3E00C3736F /* JJOneScrollView.m */; };
		FAA423691F700B3E00C3736F /* JJPhoto.m in Sources */ = {isa = PBXBuildFile; fileRef = FAA423641F700B3E00C3736F /* JJPhoto.m */; };
		FAA4236A1F700B3E00C3736F /* JJPhotoManeger.m in Sources */ = {isa = PBXBuildFile; fileRef = FAA423661F700B3E00C3736F /* JJPhotoManeger.m */; };
		FAA4236E1F700B6800C3736F /* NSString+Validation.m in Sources */ = {isa = PBXBuildFile; fileRef = FAA4236D1F700B6800C3736F /* NSString+Validation.m */; };
		FAA4237E1F7010E000C3736F /* LoginChooseViewController.m in Sources */ = {isa = PBXBuildFile; fileRef = FAA4237C1F7010E000C3736F /* LoginChooseViewController.m */; };
		FAA4237F1F7010E000C3736F /* LoginChooseViewController.xib in Resources */ = {isa = PBXBuildFile; fileRef = FAA4237D1F7010E000C3736F /* LoginChooseViewController.xib */; };
		FAA423881F70159200C3736F /* FavoriteViewController.m in Sources */ = {isa = PBXBuildFile; fileRef = FAA423861F70159200C3736F /* FavoriteViewController.m */; };
		FAA423891F70159200C3736F /* FavoriteViewController.xib in Resources */ = {isa = PBXBuildFile; fileRef = FAA423871F70159200C3736F /* FavoriteViewController.xib */; };
		FAA4238D1F7015C800C3736F /* ClientMsgViewController.m in Sources */ = {isa = PBXBuildFile; fileRef = FAA4238B1F7015C800C3736F /* ClientMsgViewController.m */; };
		FAA4238E1F7015C800C3736F /* ClientMsgViewController.xib in Resources */ = {isa = PBXBuildFile; fileRef = FAA4238C1F7015C800C3736F /* ClientMsgViewController.xib */; };
		FAA423921F7015DD00C3736F /* ClientOrderViewController.m in Sources */ = {isa = PBXBuildFile; fileRef = FAA423901F7015DD00C3736F /* ClientOrderViewController.m */; };
		FAA423931F7015DD00C3736F /* ClientOrderViewController.xib in Resources */ = {isa = PBXBuildFile; fileRef = FAA423911F7015DD00C3736F /* ClientOrderViewController.xib */; };
		FAA423971F7015F400C3736F /* ClientProfileViewController.m in Sources */ = {isa = PBXBuildFile; fileRef = FAA423951F7015F400C3736F /* ClientProfileViewController.m */; };
		FAA423981F7015F400C3736F /* ClientProfileViewController.xib in Resources */ = {isa = PBXBuildFile; fileRef = FAA423961F7015F400C3736F /* ClientProfileViewController.xib */; };
		FAA4239C1F70162500C3736F /* ClientMainPageViewController.m in Sources */ = {isa = PBXBuildFile; fileRef = FAA4239A1F70162500C3736F /* ClientMainPageViewController.m */; };
		FAA4239D1F70162500C3736F /* ClientMainPageViewController.xib in Resources */ = {isa = PBXBuildFile; fileRef = FAA4239B1F70162500C3736F /* ClientMainPageViewController.xib */; };
		FAA423A11F701AEA00C3736F /* LoginViewController.m in Sources */ = {isa = PBXBuildFile; fileRef = FAA4239F1F701AEA00C3736F /* LoginViewController.m */; };
		FAA423A21F701AEA00C3736F /* LoginViewController.xib in Resources */ = {isa = PBXBuildFile; fileRef = FAA423A01F701AEA00C3736F /* LoginViewController.xib */; };
		FAA423A61F71498A00C3736F /* CoreAPI.m in Sources */ = {isa = PBXBuildFile; fileRef = FAA423A51F71498A00C3736F /* CoreAPI.m */; };
		FAA423A91F7167E100C3736F /* User.m in Sources */ = {isa = PBXBuildFile; fileRef = FAA423A81F7167E100C3736F /* User.m */; };
		FAA423B01F740CA400C3736F /* SettingViewController.m in Sources */ = {isa = PBXBuildFile; fileRef = FAA423AE1F740CA400C3736F /* SettingViewController.m */; };
		FAA423B11F740CA400C3736F /* SettingViewController.xib in Resources */ = {isa = PBXBuildFile; fileRef = FAA423AF1F740CA400C3736F /* SettingViewController.xib */; };
		FAA423B51F740CB800C3736F /* HelpViewController.m in Sources */ = {isa = PBXBuildFile; fileRef = FAA423B31F740CB800C3736F /* HelpViewController.m */; };
		FAA423B61F740CB800C3736F /* HelpViewController.xib in Resources */ = {isa = PBXBuildFile; fileRef = FAA423B41F740CB800C3736F /* HelpViewController.xib */; };
		FAA423BA1F740CC400C3736F /* MasterViewController.m in Sources */ = {isa = PBXBuildFile; fileRef = FAA423B81F740CC400C3736F /* MasterViewController.m */; };
		FAA423BB1F740CC400C3736F /* MasterViewController.xib in Resources */ = {isa = PBXBuildFile; fileRef = FAA423B91F740CC400C3736F /* MasterViewController.xib */; };
		FAA423C01F7414B600C3736F /* HotDestinationCell.m in Sources */ = {isa = PBXBuildFile; fileRef = FAA423BE1F7414B600C3736F /* HotDestinationCell.m */; };
		FAA423C11F7414B600C3736F /* HotDestinationCell.xib in Resources */ = {isa = PBXBuildFile; fileRef = FAA423BF1F7414B600C3736F /* HotDestinationCell.xib */; };
		FAA423C51F7414D100C3736F /* HotExperienceCell.m in Sources */ = {isa = PBXBuildFile; fileRef = FAA423C31F7414D100C3736F /* HotExperienceCell.m */; };
		FAA423C61F7414D100C3736F /* HotExperienceCell.xib in Resources */ = {isa = PBXBuildFile; fileRef = FAA423C41F7414D100C3736F /* HotExperienceCell.xib */; };
		FAEE5A0A1F792D8A00874A49 /* ClientOrderCell.m in Sources */ = {isa = PBXBuildFile; fileRef = FAEE5A081F792D8A00874A49 /* ClientOrderCell.m */; };
		FAEE5A0B1F792D8A00874A49 /* ClientOrderCell.xib in Resources */ = {isa = PBXBuildFile; fileRef = FAEE5A091F792D8A00874A49 /* ClientOrderCell.xib */; };
		FAEE5A101F79313200874A49 /* ClientOrderListViewController.m in Sources */ = {isa = PBXBuildFile; fileRef = FAEE5A0E1F79313200874A49 /* ClientOrderListViewController.m */; };
		FAEE5A111F79313200874A49 /* ClientOrderListViewController.xib in Resources */ = {isa = PBXBuildFile; fileRef = FAEE5A0F1F79313200874A49 /* ClientOrderListViewController.xib */; };
		FAEE5A161F793DBB00874A49 /* IDValidViewController.m in Sources */ = {isa = PBXBuildFile; fileRef = FAEE5A141F793DBB00874A49 /* IDValidViewController.m */; };
		FAEE5A171F793DBB00874A49 /* IDValidViewController.xib in Resources */ = {isa = PBXBuildFile; fileRef = FAEE5A151F793DBB00874A49 /* IDValidViewController.xib */; };
		FAEE5A1C1F79422600874A49 /* CommonDesViewController.m in Sources */ = {isa = PBXBuildFile; fileRef = FAEE5A1A1F79422600874A49 /* CommonDesViewController.m */; };
		FAEE5A1D1F79422600874A49 /* CommonDesViewController.xib in Resources */ = {isa = PBXBuildFile; fileRef = FAEE5A1B1F79422600874A49 /* CommonDesViewController.xib */; };
		FAEE90391F7BC936008CC1CE /* LYAreaPicker.m in Sources */ = {isa = PBXBuildFile; fileRef = FAEE90361F7BC936008CC1CE /* LYAreaPicker.m */; };
		FAEE903A1F7BC936008CC1CE /* LYPicker.m in Sources */ = {isa = PBXBuildFile; fileRef = FAEE90381F7BC936008CC1CE /* LYPicker.m */; };
		FAEE903E1F7BDF0F008CC1CE /* Experience.m in Sources */ = {isa = PBXBuildFile; fileRef = FAEE903D1F7BDF0F008CC1CE /* Experience.m */; };
		FAEE90421F7BF8A8008CC1CE /* TakePhotoViewController.m in Sources */ = {isa = PBXBuildFile; fileRef = FAEE90401F7BF8A8008CC1CE /* TakePhotoViewController.m */; };
		FAEE90431F7BF8A8008CC1CE /* TakePhotoViewController.xib in Resources */ = {isa = PBXBuildFile; fileRef = FAEE90411F7BF8A8008CC1CE /* TakePhotoViewController.xib */; };
		FAF8D3C51F9CE57E00D6063E /* BuyProViewController.m in Sources */ = {isa = PBXBuildFile; fileRef = FAF8D3C31F9CE57E00D6063E /* BuyProViewController.m */; };
		FAF8D3C61F9CE57E00D6063E /* BuyProViewController.xib in Resources */ = {isa = PBXBuildFile; fileRef = FAF8D3C41F9CE57E00D6063E /* BuyProViewController.xib */; };
/* End PBXBuildFile section */

/* Begin PBXFileReference section */
		656F590F1FAAFDF90017649A /* PublishViewController.h */ = {isa = PBXFileReference; fileEncoding = 4; lastKnownFileType = sourcecode.c.h; path = PublishViewController.h; sourceTree = "<group>"; };
		656F59101FAAFDF90017649A /* PublishViewController.m */ = {isa = PBXFileReference; fileEncoding = 4; lastKnownFileType = sourcecode.c.objc; path = PublishViewController.m; sourceTree = "<group>"; };
		656F59111FAAFDF90017649A /* PublishViewController.xib */ = {isa = PBXFileReference; fileEncoding = 4; lastKnownFileType = file.xib; path = PublishViewController.xib; sourceTree = "<group>"; };
		657D87D61F70EA5900CD17DE /* Assets.xcassets */ = {isa = PBXFileReference; lastKnownFileType = folder.assetcatalog; path = Assets.xcassets; sourceTree = "<group>"; };
		657D87D91F70F05B00CD17DE /* conf-system-style.plist */ = {isa = PBXFileReference; fileEncoding = 4; lastKnownFileType = text.plist.xml; path = "conf-system-style.plist"; sourceTree = "<group>"; };
		657D87DB1F70F05B00CD17DE /* com.huaaotech.core.conf.plist */ = {isa = PBXFileReference; fileEncoding = 4; lastKnownFileType = text.plist.xml; path = com.huaaotech.core.conf.plist; sourceTree = "<group>"; };
		6587C1C31FA97390006CBC6E /* ServerOrderCell.h */ = {isa = PBXFileReference; fileEncoding = 4; lastKnownFileType = sourcecode.c.h; path = ServerOrderCell.h; sourceTree = "<group>"; };
		6587C1C41FA97390006CBC6E /* ServerOrderCell.m */ = {isa = PBXFileReference; fileEncoding = 4; lastKnownFileType = sourcecode.c.objc; path = ServerOrderCell.m; sourceTree = "<group>"; };
		6587C1C51FA97390006CBC6E /* ServerOrderCell.xib */ = {isa = PBXFileReference; fileEncoding = 4; lastKnownFileType = file.xib; path = ServerOrderCell.xib; sourceTree = "<group>"; };
		6587C1C81FA973CB006CBC6E /* ServerOrderHistoryListViewController.h */ = {isa = PBXFileReference; fileEncoding = 4; lastKnownFileType = sourcecode.c.h; path = ServerOrderHistoryListViewController.h; sourceTree = "<group>"; };
		6587C1C91FA973CB006CBC6E /* ServerOrderHistoryListViewController.m */ = {isa = PBXFileReference; fileEncoding = 4; lastKnownFileType = sourcecode.c.objc; path = ServerOrderHistoryListViewController.m; sourceTree = "<group>"; };
		6587C1CA1FA973CB006CBC6E /* ServerOrderHistoryListViewController.xib */ = {isa = PBXFileReference; fileEncoding = 4; lastKnownFileType = file.xib; path = ServerOrderHistoryListViewController.xib; sourceTree = "<group>"; };
		6587C1CD1FA97C86006CBC6E /* ServerOrderListViewController.h */ = {isa = PBXFileReference; fileEncoding = 4; lastKnownFileType = sourcecode.c.h; path = ServerOrderListViewController.h; sourceTree = "<group>"; };
		6587C1CE1FA97C86006CBC6E /* ServerOrderListViewController.m */ = {isa = PBXFileReference; fileEncoding = 4; lastKnownFileType = sourcecode.c.objc; path = ServerOrderListViewController.m; sourceTree = "<group>"; };
		6587C1CF1FA97C86006CBC6E /* ServerOrderListViewController.xib */ = {isa = PBXFileReference; fileEncoding = 4; lastKnownFileType = file.xib; path = ServerOrderListViewController.xib; sourceTree = "<group>"; };
		6587C1D21FA9C2C5006CBC6E /* LYDatePicker.m */ = {isa = PBXFileReference; fileEncoding = 4; lastKnownFileType = sourcecode.c.objc; path = LYDatePicker.m; sourceTree = "<group>"; };
		6587C1D31FA9C2C5006CBC6E /* LYDatePicker.h */ = {isa = PBXFileReference; fileEncoding = 4; lastKnownFileType = sourcecode.c.h; path = LYDatePicker.h; sourceTree = "<group>"; };
		9BD509F4D33881358D3F5EDA /* Pods-Ctravel.release.xcconfig */ = {isa = PBXFileReference; includeInIndex = 1; lastKnownFileType = text.xcconfig; name = "Pods-Ctravel.release.xcconfig"; path = "Pods/Target Support Files/Pods-Ctravel/Pods-Ctravel.release.xcconfig"; sourceTree = "<group>"; };
		D24043E2641704B7DD5923D5 /* Pods_Ctravel.framework */ = {isa = PBXFileReference; explicitFileType = wrapper.framework; includeInIndex = 0; path = Pods_Ctravel.framework; sourceTree = BUILT_PRODUCTS_DIR; };
		F223FEFEBA994EF4956C3534 /* Pods-Ctravel.debug.xcconfig */ = {isa = PBXFileReference; includeInIndex = 1; lastKnownFileType = text.xcconfig; name = "Pods-Ctravel.debug.xcconfig"; path = "Pods/Target Support Files/Pods-Ctravel/Pods-Ctravel.debug.xcconfig"; sourceTree = "<group>"; };
		FA04A8551F98F1FE009A72DE /* ReceivablesViewController.h */ = {isa = PBXFileReference; fileEncoding = 4; lastKnownFileType = sourcecode.c.h; path = ReceivablesViewController.h; sourceTree = "<group>"; };
		FA04A8561F98F1FE009A72DE /* ReceivablesViewController.m */ = {isa = PBXFileReference; fileEncoding = 4; lastKnownFileType = sourcecode.c.objc; path = ReceivablesViewController.m; sourceTree = "<group>"; };
		FA04A8571F98F1FE009A72DE /* ReceivablesViewController.xib */ = {isa = PBXFileReference; fileEncoding = 4; lastKnownFileType = file.xib; path = ReceivablesViewController.xib; sourceTree = "<group>"; };
		FA04A85B1F98F4CE009A72DE /* IncomeViewController.h */ = {isa = PBXFileReference; fileEncoding = 4; lastKnownFileType = sourcecode.c.h; path = IncomeViewController.h; sourceTree = "<group>"; };
		FA04A85C1F98F4CE009A72DE /* IncomeViewController.m */ = {isa = PBXFileReference; fileEncoding = 4; lastKnownFileType = sourcecode.c.objc; path = IncomeViewController.m; sourceTree = "<group>"; };
		FA04A85D1F98F4CE009A72DE /* IncomeViewController.xib */ = {isa = PBXFileReference; fileEncoding = 4; lastKnownFileType = file.xib; path = IncomeViewController.xib; sourceTree = "<group>"; };
		FA05D8001F7541AA00893EE3 /* ClientMsgCell.h */ = {isa = PBXFileReference; fileEncoding = 4; lastKnownFileType = sourcecode.c.h; path = ClientMsgCell.h; sourceTree = "<group>"; };
		FA05D8011F7541AA00893EE3 /* ClientMsgCell.m */ = {isa = PBXFileReference; fileEncoding = 4; lastKnownFileType = sourcecode.c.objc; path = ClientMsgCell.m; sourceTree = "<group>"; };
		FA05D8021F7541AA00893EE3 /* ClientMsgCell.xib */ = {isa = PBXFileReference; fileEncoding = 4; lastKnownFileType = file.xib; path = ClientMsgCell.xib; sourceTree = "<group>"; };
		FA663D1A1F761756001C6F25 /* FavDetailViewController.h */ = {isa = PBXFileReference; fileEncoding = 4; lastKnownFileType = sourcecode.c.h; path = FavDetailViewController.h; sourceTree = "<group>"; };
		FA663D1B1F761756001C6F25 /* FavDetailViewController.m */ = {isa = PBXFileReference; fileEncoding = 4; lastKnownFileType = sourcecode.c.objc; path = FavDetailViewController.m; sourceTree = "<group>"; };
		FA663D1C1F761756001C6F25 /* FavDetailViewController.xib */ = {isa = PBXFileReference; fileEncoding = 4; lastKnownFileType = file.xib; path = FavDetailViewController.xib; sourceTree = "<group>"; };
		FA663D261F765EFA001C6F25 /* ServerMainViewController.h */ = {isa = PBXFileReference; fileEncoding = 4; lastKnownFileType = sourcecode.c.h; path = ServerMainViewController.h; sourceTree = "<group>"; };
		FA663D271F765EFA001C6F25 /* ServerMainViewController.m */ = {isa = PBXFileReference; fileEncoding = 4; lastKnownFileType = sourcecode.c.objc; path = ServerMainViewController.m; sourceTree = "<group>"; };
		FA663D281F765EFA001C6F25 /* ServerMainViewController.xib */ = {isa = PBXFileReference; fileEncoding = 4; lastKnownFileType = file.xib; path = ServerMainViewController.xib; sourceTree = "<group>"; };
		FA663D2B1F765F0F001C6F25 /* DateViewController.h */ = {isa = PBXFileReference; fileEncoding = 4; lastKnownFileType = sourcecode.c.h; path = DateViewController.h; sourceTree = "<group>"; };
		FA663D2C1F765F0F001C6F25 /* DateViewController.m */ = {isa = PBXFileReference; fileEncoding = 4; lastKnownFileType = sourcecode.c.objc; path = DateViewController.m; sourceTree = "<group>"; };
		FA663D2D1F765F0F001C6F25 /* DateViewController.xib */ = {isa = PBXFileReference; fileEncoding = 4; lastKnownFileType = file.xib; path = DateViewController.xib; sourceTree = "<group>"; };
		FA663D301F765F21001C6F25 /* ServerOrderViewController.h */ = {isa = PBXFileReference; fileEncoding = 4; lastKnownFileType = sourcecode.c.h; path = ServerOrderViewController.h; sourceTree = "<group>"; };
		FA663D311F765F21001C6F25 /* ServerOrderViewController.m */ = {isa = PBXFileReference; fileEncoding = 4; lastKnownFileType = sourcecode.c.objc; path = ServerOrderViewController.m; sourceTree = "<group>"; };
		FA663D321F765F21001C6F25 /* ServerOrderViewController.xib */ = {isa = PBXFileReference; fileEncoding = 4; lastKnownFileType = file.xib; path = ServerOrderViewController.xib; sourceTree = "<group>"; };
		FA663D351F765F35001C6F25 /* ServerProfileViewController.h */ = {isa = PBXFileReference; fileEncoding = 4; lastKnownFileType = sourcecode.c.h; path = ServerProfileViewController.h; sourceTree = "<group>"; };
		FA663D361F765F35001C6F25 /* ServerProfileViewController.m */ = {isa = PBXFileReference; fileEncoding = 4; lastKnownFileType = sourcecode.c.objc; path = ServerProfileViewController.m; sourceTree = "<group>"; };
		FA663D371F765F35001C6F25 /* ServerProfileViewController.xib */ = {isa = PBXFileReference; fileEncoding = 4; lastKnownFileType = file.xib; path = ServerProfileViewController.xib; sourceTree = "<group>"; };
		FA663D3A1F765F48001C6F25 /* ServerMessageViewController.h */ = {isa = PBXFileReference; fileEncoding = 4; lastKnownFileType = sourcecode.c.h; path = ServerMessageViewController.h; sourceTree = "<group>"; };
		FA663D3B1F765F48001C6F25 /* ServerMessageViewController.m */ = {isa = PBXFileReference; fileEncoding = 4; lastKnownFileType = sourcecode.c.objc; path = ServerMessageViewController.m; sourceTree = "<group>"; };
		FA663D3C1F765F48001C6F25 /* ServerMessageViewController.xib */ = {isa = PBXFileReference; fileEncoding = 4; lastKnownFileType = file.xib; path = ServerMessageViewController.xib; sourceTree = "<group>"; };
		FA663D401F774A16001C6F25 /* CreatePageViewController.h */ = {isa = PBXFileReference; fileEncoding = 4; lastKnownFileType = sourcecode.c.h; path = CreatePageViewController.h; sourceTree = "<group>"; };
		FA663D411F774A16001C6F25 /* CreatePageViewController.m */ = {isa = PBXFileReference; fileEncoding = 4; lastKnownFileType = sourcecode.c.objc; path = CreatePageViewController.m; sourceTree = "<group>"; };
		FA663D421F774A16001C6F25 /* CreatePageViewController.xib */ = {isa = PBXFileReference; fileEncoding = 4; lastKnownFileType = file.xib; path = CreatePageViewController.xib; sourceTree = "<group>"; };
		FA663D461F77CE56001C6F25 /* EvaluationViewController.h */ = {isa = PBXFileReference; fileEncoding = 4; lastKnownFileType = sourcecode.c.h; path = EvaluationViewController.h; sourceTree = "<group>"; };
		FA663D471F77CE56001C6F25 /* EvaluationViewController.m */ = {isa = PBXFileReference; fileEncoding = 4; lastKnownFileType = sourcecode.c.objc; path = EvaluationViewController.m; sourceTree = "<group>"; };
		FA663D481F77CE56001C6F25 /* EvaluationViewController.xib */ = {isa = PBXFileReference; fileEncoding = 4; lastKnownFileType = file.xib; path = EvaluationViewController.xib; sourceTree = "<group>"; };
		FA663D4B1F77D011001C6F25 /* EvaluationCell.h */ = {isa = PBXFileReference; fileEncoding = 4; lastKnownFileType = sourcecode.c.h; path = EvaluationCell.h; sourceTree = "<group>"; };
		FA663D4C1F77D011001C6F25 /* EvaluationCell.m */ = {isa = PBXFileReference; fileEncoding = 4; lastKnownFileType = sourcecode.c.objc; path = EvaluationCell.m; sourceTree = "<group>"; };
		FA663D4D1F77D011001C6F25 /* EvaluationCell.xib */ = {isa = PBXFileReference; fileEncoding = 4; lastKnownFileType = file.xib; path = EvaluationCell.xib; sourceTree = "<group>"; };
		FA663D511F77D39F001C6F25 /* WatchDateCell.h */ = {isa = PBXFileReference; fileEncoding = 4; lastKnownFileType = sourcecode.c.h; path = WatchDateCell.h; sourceTree = "<group>"; };
		FA663D521F77D39F001C6F25 /* WatchDateCell.m */ = {isa = PBXFileReference; fileEncoding = 4; lastKnownFileType = sourcecode.c.objc; path = WatchDateCell.m; sourceTree = "<group>"; };
		FA663D531F77D39F001C6F25 /* WatchDateCell.xib */ = {isa = PBXFileReference; fileEncoding = 4; lastKnownFileType = file.xib; path = WatchDateCell.xib; sourceTree = "<group>"; };
		FA663D561F77D3B3001C6F25 /* WatchDateViewController.h */ = {isa = PBXFileReference; fileEncoding = 4; lastKnownFileType = sourcecode.c.h; path = WatchDateViewController.h; sourceTree = "<group>"; };
		FA663D571F77D3B3001C6F25 /* WatchDateViewController.m */ = {isa = PBXFileReference; fileEncoding = 4; lastKnownFileType = sourcecode.c.objc; path = WatchDateViewController.m; sourceTree = "<group>"; };
		FA663D581F77D3B3001C6F25 /* WatchDateViewController.xib */ = {isa = PBXFileReference; fileEncoding = 4; lastKnownFileType = file.xib; path = WatchDateViewController.xib; sourceTree = "<group>"; };
		FA663D5C1F77DD68001C6F25 /* ProfileDetailViewController.h */ = {isa = PBXFileReference; fileEncoding = 4; lastKnownFileType = sourcecode.c.h; path = ProfileDetailViewController.h; sourceTree = "<group>"; };
		FA663D5D1F77DD68001C6F25 /* ProfileDetailViewController.m */ = {isa = PBXFileReference; fileEncoding = 4; lastKnownFileType = sourcecode.c.objc; path = ProfileDetailViewController.m; sourceTree = "<group>"; };
		FA663D5E1F77DD68001C6F25 /* ProfileDetailViewController.xib */ = {isa = PBXFileReference; fileEncoding = 4; lastKnownFileType = file.xib; path = ProfileDetailViewController.xib; sourceTree = "<group>"; };
		FA663D611F77E2BD001C6F25 /* ProfileEditViewController.h */ = {isa = PBXFileReference; fileEncoding = 4; lastKnownFileType = sourcecode.c.h; path = ProfileEditViewController.h; sourceTree = "<group>"; };
		FA663D621F77E2BD001C6F25 /* ProfileEditViewController.m */ = {isa = PBXFileReference; fileEncoding = 4; lastKnownFileType = sourcecode.c.objc; path = ProfileEditViewController.m; sourceTree = "<group>"; };
		FA663D631F77E2BD001C6F25 /* ProfileEditViewController.xib */ = {isa = PBXFileReference; fileEncoding = 4; lastKnownFileType = file.xib; path = ProfileEditViewController.xib; sourceTree = "<group>"; };
		FA9C50971F83E01A0075C329 /* SLSegmentPageView.h */ = {isa = PBXFileReference; fileEncoding = 4; lastKnownFileType = sourcecode.c.h; path = SLSegmentPageView.h; sourceTree = "<group>"; };
		FA9C50981F83E01A0075C329 /* SLSegmentPageView.m */ = {isa = PBXFileReference; fileEncoding = 4; lastKnownFileType = sourcecode.c.objc; path = SLSegmentPageView.m; sourceTree = "<group>"; };
		FA9C509A1F83E05C0075C329 /* EmptyDataView.h */ = {isa = PBXFileReference; fileEncoding = 4; lastKnownFileType = sourcecode.c.h; path = EmptyDataView.h; sourceTree = "<group>"; };
		FA9C509B1F83E05C0075C329 /* EmptyDataView.m */ = {isa = PBXFileReference; fileEncoding = 4; lastKnownFileType = sourcecode.c.objc; path = EmptyDataView.m; sourceTree = "<group>"; };
		FA9C509D1F83E1570075C329 /* ClientCompleteViewController.h */ = {isa = PBXFileReference; fileEncoding = 4; lastKnownFileType = sourcecode.c.h; path = ClientCompleteViewController.h; sourceTree = "<group>"; };
		FA9C509E1F83E1570075C329 /* ClientCompleteViewController.m */ = {isa = PBXFileReference; fileEncoding = 4; lastKnownFileType = sourcecode.c.objc; path = ClientCompleteViewController.m; sourceTree = "<group>"; };
		FA9C509F1F83E1570075C329 /* ClientCompleteViewController.xib */ = {isa = PBXFileReference; fileEncoding = 4; lastKnownFileType = file.xib; path = ClientCompleteViewController.xib; sourceTree = "<group>"; };
		FAA423381F70006500C3736F /* Ctravel.app */ = {isa = PBXFileReference; explicitFileType = wrapper.application; includeInIndex = 0; path = Ctravel.app; sourceTree = BUILT_PRODUCTS_DIR; };
		FAA4233C1F70006500C3736F /* main.m */ = {isa = PBXFileReference; lastKnownFileType = sourcecode.c.objc; path = main.m; sourceTree = "<group>"; };
		FAA4233E1F70006500C3736F /* AppDelegate.h */ = {isa = PBXFileReference; lastKnownFileType = sourcecode.c.h; path = AppDelegate.h; sourceTree = "<group>"; };
		FAA4233F1F70006500C3736F /* AppDelegate.m */ = {isa = PBXFileReference; lastKnownFileType = sourcecode.c.objc; path = AppDelegate.m; sourceTree = "<group>"; };
		FAA423451F70006500C3736F /* Base */ = {isa = PBXFileReference; lastKnownFileType = file.storyboard; name = Base; path = Base.lproj/Main.storyboard; sourceTree = "<group>"; };
		FAA4234A1F70006500C3736F /* Base */ = {isa = PBXFileReference; lastKnownFileType = file.storyboard; name = Base; path = Base.lproj/LaunchScreen.storyboard; sourceTree = "<group>"; };
		FAA4234C1F70006500C3736F /* Info.plist */ = {isa = PBXFileReference; lastKnownFileType = text.plist.xml; path = Info.plist; sourceTree = "<group>"; };
		FAA423571F7008F300C3736F /* PreHeader.h */ = {isa = PBXFileReference; lastKnownFileType = sourcecode.c.h; path = PreHeader.h; sourceTree = "<group>"; };
		FAA423581F70091800C3736F /* Libraries.h */ = {isa = PBXFileReference; lastKnownFileType = sourcecode.c.h; path = Libraries.h; sourceTree = "<group>"; };
		FAA423591F70096C00C3736F /* Views.h */ = {isa = PBXFileReference; lastKnownFileType = sourcecode.c.h; path = Views.h; sourceTree = "<group>"; };
		FAA4235A1F70099500C3736F /* Platform.h */ = {isa = PBXFileReference; lastKnownFileType = sourcecode.c.h; path = Platform.h; sourceTree = "<group>"; };
		FAA4235B1F700A4900C3736F /* Const.h */ = {isa = PBXFileReference; fileEncoding = 4; lastKnownFileType = sourcecode.c.h; path = Const.h; sourceTree = "<group>"; };
		FAA4235C1F700A4900C3736F /* Const.m */ = {isa = PBXFileReference; fileEncoding = 4; lastKnownFileType = sourcecode.c.objc; path = Const.m; sourceTree = "<group>"; };
		FAA4235F1F700B3E00C3736F /* JJMainScrollView.h */ = {isa = PBXFileReference; fileEncoding = 4; lastKnownFileType = sourcecode.c.h; path = JJMainScrollView.h; sourceTree = "<group>"; };
		FAA423601F700B3E00C3736F /* JJMainScrollView.m */ = {isa = PBXFileReference; fileEncoding = 4; lastKnownFileType = sourcecode.c.objc; path = JJMainScrollView.m; sourceTree = "<group>"; };
		FAA423611F700B3E00C3736F /* JJOneScrollView.h */ = {isa = PBXFileReference; fileEncoding = 4; lastKnownFileType = sourcecode.c.h; path = JJOneScrollView.h; sourceTree = "<group>"; };
		FAA423621F700B3E00C3736F /* JJOneScrollView.m */ = {isa = PBXFileReference; fileEncoding = 4; lastKnownFileType = sourcecode.c.objc; path = JJOneScrollView.m; sourceTree = "<group>"; };
		FAA423631F700B3E00C3736F /* JJPhoto.h */ = {isa = PBXFileReference; fileEncoding = 4; lastKnownFileType = sourcecode.c.h; path = JJPhoto.h; sourceTree = "<group>"; };
		FAA423641F700B3E00C3736F /* JJPhoto.m */ = {isa = PBXFileReference; fileEncoding = 4; lastKnownFileType = sourcecode.c.objc; path = JJPhoto.m; sourceTree = "<group>"; };
		FAA423651F700B3E00C3736F /* JJPhotoManeger.h */ = {isa = PBXFileReference; fileEncoding = 4; lastKnownFileType = sourcecode.c.h; path = JJPhotoManeger.h; sourceTree = "<group>"; };
		FAA423661F700B3E00C3736F /* JJPhotoManeger.m */ = {isa = PBXFileReference; fileEncoding = 4; lastKnownFileType = sourcecode.c.objc; path = JJPhotoManeger.m; sourceTree = "<group>"; };
		FAA4236C1F700B6800C3736F /* NSString+Validation.h */ = {isa = PBXFileReference; fileEncoding = 4; lastKnownFileType = sourcecode.c.h; path = "NSString+Validation.h"; sourceTree = "<group>"; };
		FAA4236D1F700B6800C3736F /* NSString+Validation.m */ = {isa = PBXFileReference; fileEncoding = 4; lastKnownFileType = sourcecode.c.objc; path = "NSString+Validation.m"; sourceTree = "<group>"; };
		FAA4237B1F7010E000C3736F /* LoginChooseViewController.h */ = {isa = PBXFileReference; fileEncoding = 4; lastKnownFileType = sourcecode.c.h; path = LoginChooseViewController.h; sourceTree = "<group>"; };
		FAA4237C1F7010E000C3736F /* LoginChooseViewController.m */ = {isa = PBXFileReference; fileEncoding = 4; lastKnownFileType = sourcecode.c.objc; path = LoginChooseViewController.m; sourceTree = "<group>"; };
		FAA4237D1F7010E000C3736F /* LoginChooseViewController.xib */ = {isa = PBXFileReference; fileEncoding = 4; lastKnownFileType = file.xib; path = LoginChooseViewController.xib; sourceTree = "<group>"; };
		FAA423851F70159200C3736F /* FavoriteViewController.h */ = {isa = PBXFileReference; fileEncoding = 4; lastKnownFileType = sourcecode.c.h; path = FavoriteViewController.h; sourceTree = "<group>"; };
		FAA423861F70159200C3736F /* FavoriteViewController.m */ = {isa = PBXFileReference; fileEncoding = 4; lastKnownFileType = sourcecode.c.objc; path = FavoriteViewController.m; sourceTree = "<group>"; };
		FAA423871F70159200C3736F /* FavoriteViewController.xib */ = {isa = PBXFileReference; fileEncoding = 4; lastKnownFileType = file.xib; path = FavoriteViewController.xib; sourceTree = "<group>"; };
		FAA4238A1F7015C800C3736F /* ClientMsgViewController.h */ = {isa = PBXFileReference; fileEncoding = 4; lastKnownFileType = sourcecode.c.h; path = ClientMsgViewController.h; sourceTree = "<group>"; };
		FAA4238B1F7015C800C3736F /* ClientMsgViewController.m */ = {isa = PBXFileReference; fileEncoding = 4; lastKnownFileType = sourcecode.c.objc; path = ClientMsgViewController.m; sourceTree = "<group>"; };
		FAA4238C1F7015C800C3736F /* ClientMsgViewController.xib */ = {isa = PBXFileReference; fileEncoding = 4; lastKnownFileType = file.xib; path = ClientMsgViewController.xib; sourceTree = "<group>"; };
		FAA4238F1F7015DD00C3736F /* ClientOrderViewController.h */ = {isa = PBXFileReference; fileEncoding = 4; lastKnownFileType = sourcecode.c.h; path = ClientOrderViewController.h; sourceTree = "<group>"; };
		FAA423901F7015DD00C3736F /* ClientOrderViewController.m */ = {isa = PBXFileReference; fileEncoding = 4; lastKnownFileType = sourcecode.c.objc; path = ClientOrderViewController.m; sourceTree = "<group>"; };
		FAA423911F7015DD00C3736F /* ClientOrderViewController.xib */ = {isa = PBXFileReference; fileEncoding = 4; lastKnownFileType = file.xib; path = ClientOrderViewController.xib; sourceTree = "<group>"; };
		FAA423941F7015F400C3736F /* ClientProfileViewController.h */ = {isa = PBXFileReference; fileEncoding = 4; lastKnownFileType = sourcecode.c.h; path = ClientProfileViewController.h; sourceTree = "<group>"; };
		FAA423951F7015F400C3736F /* ClientProfileViewController.m */ = {isa = PBXFileReference; fileEncoding = 4; lastKnownFileType = sourcecode.c.objc; path = ClientProfileViewController.m; sourceTree = "<group>"; };
		FAA423961F7015F400C3736F /* ClientProfileViewController.xib */ = {isa = PBXFileReference; fileEncoding = 4; lastKnownFileType = file.xib; path = ClientProfileViewController.xib; sourceTree = "<group>"; };
		FAA423991F70162500C3736F /* ClientMainPageViewController.h */ = {isa = PBXFileReference; fileEncoding = 4; lastKnownFileType = sourcecode.c.h; path = ClientMainPageViewController.h; sourceTree = "<group>"; };
		FAA4239A1F70162500C3736F /* ClientMainPageViewController.m */ = {isa = PBXFileReference; fileEncoding = 4; lastKnownFileType = sourcecode.c.objc; path = ClientMainPageViewController.m; sourceTree = "<group>"; };
		FAA4239B1F70162500C3736F /* ClientMainPageViewController.xib */ = {isa = PBXFileReference; fileEncoding = 4; lastKnownFileType = file.xib; path = ClientMainPageViewController.xib; sourceTree = "<group>"; };
		FAA4239E1F701AEA00C3736F /* LoginViewController.h */ = {isa = PBXFileReference; fileEncoding = 4; lastKnownFileType = sourcecode.c.h; path = LoginViewController.h; sourceTree = "<group>"; };
		FAA4239F1F701AEA00C3736F /* LoginViewController.m */ = {isa = PBXFileReference; fileEncoding = 4; lastKnownFileType = sourcecode.c.objc; path = LoginViewController.m; sourceTree = "<group>"; };
		FAA423A01F701AEA00C3736F /* LoginViewController.xib */ = {isa = PBXFileReference; fileEncoding = 4; lastKnownFileType = file.xib; path = LoginViewController.xib; sourceTree = "<group>"; };
		FAA423A41F71498A00C3736F /* CoreAPI.h */ = {isa = PBXFileReference; fileEncoding = 4; lastKnownFileType = sourcecode.c.h; path = CoreAPI.h; sourceTree = "<group>"; };
		FAA423A51F71498A00C3736F /* CoreAPI.m */ = {isa = PBXFileReference; fileEncoding = 4; lastKnownFileType = sourcecode.c.objc; path = CoreAPI.m; sourceTree = "<group>"; };
		FAA423A71F7167E100C3736F /* User.h */ = {isa = PBXFileReference; fileEncoding = 4; lastKnownFileType = sourcecode.c.h; name = User.h; path = ../_tool/User.h; sourceTree = "<group>"; };
		FAA423A81F7167E100C3736F /* User.m */ = {isa = PBXFileReference; fileEncoding = 4; lastKnownFileType = sourcecode.c.objc; name = User.m; path = ../_tool/User.m; sourceTree = "<group>"; };
		FAA423AD1F740CA400C3736F /* SettingViewController.h */ = {isa = PBXFileReference; fileEncoding = 4; lastKnownFileType = sourcecode.c.h; path = SettingViewController.h; sourceTree = "<group>"; };
		FAA423AE1F740CA400C3736F /* SettingViewController.m */ = {isa = PBXFileReference; fileEncoding = 4; lastKnownFileType = sourcecode.c.objc; path = SettingViewController.m; sourceTree = "<group>"; };
		FAA423AF1F740CA400C3736F /* SettingViewController.xib */ = {isa = PBXFileReference; fileEncoding = 4; lastKnownFileType = file.xib; path = SettingViewController.xib; sourceTree = "<group>"; };
		FAA423B21F740CB800C3736F /* HelpViewController.h */ = {isa = PBXFileReference; fileEncoding = 4; lastKnownFileType = sourcecode.c.h; path = HelpViewController.h; sourceTree = "<group>"; };
		FAA423B31F740CB800C3736F /* HelpViewController.m */ = {isa = PBXFileReference; fileEncoding = 4; lastKnownFileType = sourcecode.c.objc; path = HelpViewController.m; sourceTree = "<group>"; };
		FAA423B41F740CB800C3736F /* HelpViewController.xib */ = {isa = PBXFileReference; fileEncoding = 4; lastKnownFileType = file.xib; path = HelpViewController.xib; sourceTree = "<group>"; };
		FAA423B71F740CC400C3736F /* MasterViewController.h */ = {isa = PBXFileReference; fileEncoding = 4; lastKnownFileType = sourcecode.c.h; path = MasterViewController.h; sourceTree = "<group>"; };
		FAA423B81F740CC400C3736F /* MasterViewController.m */ = {isa = PBXFileReference; fileEncoding = 4; lastKnownFileType = sourcecode.c.objc; path = MasterViewController.m; sourceTree = "<group>"; };
		FAA423B91F740CC400C3736F /* MasterViewController.xib */ = {isa = PBXFileReference; fileEncoding = 4; lastKnownFileType = file.xib; path = MasterViewController.xib; sourceTree = "<group>"; };
		FAA423BD1F7414B600C3736F /* HotDestinationCell.h */ = {isa = PBXFileReference; fileEncoding = 4; lastKnownFileType = sourcecode.c.h; path = HotDestinationCell.h; sourceTree = "<group>"; };
		FAA423BE1F7414B600C3736F /* HotDestinationCell.m */ = {isa = PBXFileReference; fileEncoding = 4; lastKnownFileType = sourcecode.c.objc; path = HotDestinationCell.m; sourceTree = "<group>"; };
		FAA423BF1F7414B600C3736F /* HotDestinationCell.xib */ = {isa = PBXFileReference; fileEncoding = 4; lastKnownFileType = file.xib; path = HotDestinationCell.xib; sourceTree = "<group>"; };
		FAA423C21F7414D100C3736F /* HotExperienceCell.h */ = {isa = PBXFileReference; fileEncoding = 4; lastKnownFileType = sourcecode.c.h; path = HotExperienceCell.h; sourceTree = "<group>"; };
		FAA423C31F7414D100C3736F /* HotExperienceCell.m */ = {isa = PBXFileReference; fileEncoding = 4; lastKnownFileType = sourcecode.c.objc; path = HotExperienceCell.m; sourceTree = "<group>"; };
		FAA423C41F7414D100C3736F /* HotExperienceCell.xib */ = {isa = PBXFileReference; fileEncoding = 4; lastKnownFileType = file.xib; path = HotExperienceCell.xib; sourceTree = "<group>"; };
		FAD5FEF41F7D32AA002E2FC0 /* zh-Hans */ = {isa = PBXFileReference; lastKnownFileType = text.plist.strings; name = "zh-Hans"; path = "zh-Hans.lproj/Main.strings"; sourceTree = "<group>"; };
		FAD5FEF51F7D32AA002E2FC0 /* zh-Hans */ = {isa = PBXFileReference; lastKnownFileType = text.plist.strings; name = "zh-Hans"; path = "zh-Hans.lproj/LaunchScreen.strings"; sourceTree = "<group>"; };
		FAEE5A071F792D8A00874A49 /* ClientOrderCell.h */ = {isa = PBXFileReference; fileEncoding = 4; lastKnownFileType = sourcecode.c.h; path = ClientOrderCell.h; sourceTree = "<group>"; };
		FAEE5A081F792D8A00874A49 /* ClientOrderCell.m */ = {isa = PBXFileReference; fileEncoding = 4; lastKnownFileType = sourcecode.c.objc; path = ClientOrderCell.m; sourceTree = "<group>"; };
		FAEE5A091F792D8A00874A49 /* ClientOrderCell.xib */ = {isa = PBXFileReference; fileEncoding = 4; lastKnownFileType = file.xib; path = ClientOrderCell.xib; sourceTree = "<group>"; };
		FAEE5A0D1F79313200874A49 /* ClientOrderListViewController.h */ = {isa = PBXFileReference; fileEncoding = 4; lastKnownFileType = sourcecode.c.h; path = ClientOrderListViewController.h; sourceTree = "<group>"; };
		FAEE5A0E1F79313200874A49 /* ClientOrderListViewController.m */ = {isa = PBXFileReference; fileEncoding = 4; lastKnownFileType = sourcecode.c.objc; path = ClientOrderListViewController.m; sourceTree = "<group>"; };
		FAEE5A0F1F79313200874A49 /* ClientOrderListViewController.xib */ = {isa = PBXFileReference; fileEncoding = 4; lastKnownFileType = file.xib; path = ClientOrderListViewController.xib; sourceTree = "<group>"; };
		FAEE5A131F793DBB00874A49 /* IDValidViewController.h */ = {isa = PBXFileReference; fileEncoding = 4; lastKnownFileType = sourcecode.c.h; path = IDValidViewController.h; sourceTree = "<group>"; };
		FAEE5A141F793DBB00874A49 /* IDValidViewController.m */ = {isa = PBXFileReference; fileEncoding = 4; lastKnownFileType = sourcecode.c.objc; path = IDValidViewController.m; sourceTree = "<group>"; };
		FAEE5A151F793DBB00874A49 /* IDValidViewController.xib */ = {isa = PBXFileReference; fileEncoding = 4; lastKnownFileType = file.xib; path = IDValidViewController.xib; sourceTree = "<group>"; };
		FAEE5A191F79422600874A49 /* CommonDesViewController.h */ = {isa = PBXFileReference; fileEncoding = 4; lastKnownFileType = sourcecode.c.h; path = CommonDesViewController.h; sourceTree = "<group>"; };
		FAEE5A1A1F79422600874A49 /* CommonDesViewController.m */ = {isa = PBXFileReference; fileEncoding = 4; lastKnownFileType = sourcecode.c.objc; path = CommonDesViewController.m; sourceTree = "<group>"; };
		FAEE5A1B1F79422600874A49 /* CommonDesViewController.xib */ = {isa = PBXFileReference; fileEncoding = 4; lastKnownFileType = file.xib; path = CommonDesViewController.xib; sourceTree = "<group>"; };
		FAEE90351F7BC936008CC1CE /* LYAreaPicker.h */ = {isa = PBXFileReference; fileEncoding = 4; lastKnownFileType = sourcecode.c.h; path = LYAreaPicker.h; sourceTree = "<group>"; };
		FAEE90361F7BC936008CC1CE /* LYAreaPicker.m */ = {isa = PBXFileReference; fileEncoding = 4; lastKnownFileType = sourcecode.c.objc; path = LYAreaPicker.m; sourceTree = "<group>"; };
		FAEE90371F7BC936008CC1CE /* LYPicker.h */ = {isa = PBXFileReference; fileEncoding = 4; lastKnownFileType = sourcecode.c.h; path = LYPicker.h; sourceTree = "<group>"; };
		FAEE90381F7BC936008CC1CE /* LYPicker.m */ = {isa = PBXFileReference; fileEncoding = 4; lastKnownFileType = sourcecode.c.objc; path = LYPicker.m; sourceTree = "<group>"; };
		FAEE903C1F7BDF0F008CC1CE /* Experience.h */ = {isa = PBXFileReference; fileEncoding = 4; lastKnownFileType = sourcecode.c.h; path = Experience.h; sourceTree = "<group>"; };
		FAEE903D1F7BDF0F008CC1CE /* Experience.m */ = {isa = PBXFileReference; fileEncoding = 4; lastKnownFileType = sourcecode.c.objc; path = Experience.m; sourceTree = "<group>"; };
		FAEE903F1F7BF8A8008CC1CE /* TakePhotoViewController.h */ = {isa = PBXFileReference; fileEncoding = 4; lastKnownFileType = sourcecode.c.h; path = TakePhotoViewController.h; sourceTree = "<group>"; };
		FAEE90401F7BF8A8008CC1CE /* TakePhotoViewController.m */ = {isa = PBXFileReference; fileEncoding = 4; lastKnownFileType = sourcecode.c.objc; path = TakePhotoViewController.m; sourceTree = "<group>"; };
		FAEE90411F7BF8A8008CC1CE /* TakePhotoViewController.xib */ = {isa = PBXFileReference; fileEncoding = 4; lastKnownFileType = file.xib; path = TakePhotoViewController.xib; sourceTree = "<group>"; };
		FAF8D3C21F9CE57E00D6063E /* BuyProViewController.h */ = {isa = PBXFileReference; fileEncoding = 4; lastKnownFileType = sourcecode.c.h; path = BuyProViewController.h; sourceTree = "<group>"; };
		FAF8D3C31F9CE57E00D6063E /* BuyProViewController.m */ = {isa = PBXFileReference; fileEncoding = 4; lastKnownFileType = sourcecode.c.objc; path = BuyProViewController.m; sourceTree = "<group>"; };
		FAF8D3C41F9CE57E00D6063E /* BuyProViewController.xib */ = {isa = PBXFileReference; fileEncoding = 4; lastKnownFileType = file.xib; path = BuyProViewController.xib; sourceTree = "<group>"; };
/* End PBXFileReference section */

/* Begin PBXFrameworksBuildPhase section */
		FAA423351F70006500C3736F /* Frameworks */ = {
			isa = PBXFrameworksBuildPhase;
			buildActionMask = 2147483647;
			files = (
				874F7B5B65253AAB04A1D209 /* Pods_Ctravel.framework in Frameworks */,
			);
			runOnlyForDeploymentPostprocessing = 0;
		};
/* End PBXFrameworksBuildPhase section */

/* Begin PBXGroup section */
		657D87D81F70F05B00CD17DE /* ConfigKit */ = {
			isa = PBXGroup;
			children = (
				657D87D91F70F05B00CD17DE /* conf-system-style.plist */,
			);
			path = ConfigKit;
			sourceTree = "<group>";
		};
		657D87DA1F70F05B00CD17DE /* Core */ = {
			isa = PBXGroup;
			children = (
				657D87DB1F70F05B00CD17DE /* com.huaaotech.core.conf.plist */,
			);
			path = Core;
			sourceTree = "<group>";
		};
		69311B996BB0CF29451C5DB9 /* Frameworks */ = {
			isa = PBXGroup;
			children = (
				D24043E2641704B7DD5923D5 /* Pods_Ctravel.framework */,
			);
			name = Frameworks;
			sourceTree = "<group>";
		};
		CE79B4492687485F273FA4B2 /* Pods */ = {
			isa = PBXGroup;
			children = (
				F223FEFEBA994EF4956C3534 /* Pods-Ctravel.debug.xcconfig */,
				9BD509F4D33881358D3F5EDA /* Pods-Ctravel.release.xcconfig */,
			);
			name = Pods;
			sourceTree = "<group>";
		};
		FA04A8541F98F1F2009A72DE /* receivables */ = {
			isa = PBXGroup;
			children = (
				FA04A8551F98F1FE009A72DE /* ReceivablesViewController.h */,
				FA04A8561F98F1FE009A72DE /* ReceivablesViewController.m */,
				FA04A8571F98F1FE009A72DE /* ReceivablesViewController.xib */,
			);
			name = receivables;
			path = Receivables;
			sourceTree = "<group>";
		};
		FA04A85A1F98F4B7009A72DE /* income */ = {
			isa = PBXGroup;
			children = (
				FA04A85B1F98F4CE009A72DE /* IncomeViewController.h */,
				FA04A85C1F98F4CE009A72DE /* IncomeViewController.m */,
				FA04A85D1F98F4CE009A72DE /* IncomeViewController.xib */,
			);
			path = income;
			sourceTree = "<group>";
		};
		FA05D7FF1F75419400893EE3 /* clientMsgCell */ = {
			isa = PBXGroup;
			children = (
				FA05D8001F7541AA00893EE3 /* ClientMsgCell.h */,
				FA05D8011F7541AA00893EE3 /* ClientMsgCell.m */,
				FA05D8021F7541AA00893EE3 /* ClientMsgCell.xib */,
			);
			path = clientMsgCell;
			sourceTree = "<group>";
		};
		FA663D191F761744001C6F25 /* favDetail */ = {
			isa = PBXGroup;
			children = (
				FA663D1A1F761756001C6F25 /* FavDetailViewController.h */,
				FA663D1B1F761756001C6F25 /* FavDetailViewController.m */,
				FA663D1C1F761756001C6F25 /* FavDetailViewController.xib */,
				FAF8D3C21F9CE57E00D6063E /* BuyProViewController.h */,
				FAF8D3C31F9CE57E00D6063E /* BuyProViewController.m */,
				FAF8D3C41F9CE57E00D6063E /* BuyProViewController.xib */,
			);
			path = favDetail;
			sourceTree = "<group>";
		};
		FA663D201F765E98001C6F25 /* order */ = {
			isa = PBXGroup;
			children = (
				FA663D301F765F21001C6F25 /* ServerOrderViewController.h */,
				FA663D311F765F21001C6F25 /* ServerOrderViewController.m */,
				FA663D321F765F21001C6F25 /* ServerOrderViewController.xib */,
				6587C1C31FA97390006CBC6E /* ServerOrderCell.h */,
				6587C1C41FA97390006CBC6E /* ServerOrderCell.m */,
				6587C1C51FA97390006CBC6E /* ServerOrderCell.xib */,
				6587C1C81FA973CB006CBC6E /* ServerOrderHistoryListViewController.h */,
				6587C1C91FA973CB006CBC6E /* ServerOrderHistoryListViewController.m */,
				6587C1CA1FA973CB006CBC6E /* ServerOrderHistoryListViewController.xib */,
				6587C1CD1FA97C86006CBC6E /* ServerOrderListViewController.h */,
				6587C1CE1FA97C86006CBC6E /* ServerOrderListViewController.m */,
				6587C1CF1FA97C86006CBC6E /* ServerOrderListViewController.xib */,
			);
			path = order;
			sourceTree = "<group>";
		};
		FA663D221F765E98001C6F25 /* date */ = {
			isa = PBXGroup;
			children = (
				FA663D2B1F765F0F001C6F25 /* DateViewController.h */,
				FA663D2C1F765F0F001C6F25 /* DateViewController.m */,
				FA663D2D1F765F0F001C6F25 /* DateViewController.xib */,
			);
			path = date;
			sourceTree = "<group>";
		};
		FA663D231F765E98001C6F25 /* main */ = {
			isa = PBXGroup;
			children = (
				FAEE5A181F79421400874A49 /* commonDes */,
				FA663D3F1F7749D7001C6F25 /* pages */,
				FA663D261F765EFA001C6F25 /* ServerMainViewController.h */,
				FA663D271F765EFA001C6F25 /* ServerMainViewController.m */,
				FA663D281F765EFA001C6F25 /* ServerMainViewController.xib */,
			);
			path = main;
			sourceTree = "<group>";
		};
		FA663D241F765EE0001C6F25 /* message */ = {
			isa = PBXGroup;
			children = (
				FA663D3A1F765F48001C6F25 /* ServerMessageViewController.h */,
				FA663D3B1F765F48001C6F25 /* ServerMessageViewController.m */,
				FA663D3C1F765F48001C6F25 /* ServerMessageViewController.xib */,
			);
			path = message;
			sourceTree = "<group>";
		};
		FA663D251F765EE0001C6F25 /* profile */ = {
			isa = PBXGroup;
			children = (
				FA04A85A1F98F4B7009A72DE /* income */,
				FA04A8541F98F1F2009A72DE /* receivables */,
				FA663D351F765F35001C6F25 /* ServerProfileViewController.h */,
				FA663D361F765F35001C6F25 /* ServerProfileViewController.m */,
				FA663D371F765F35001C6F25 /* ServerProfileViewController.xib */,
			);
			path = profile;
			sourceTree = "<group>";
		};
		FA663D3F1F7749D7001C6F25 /* pages */ = {
			isa = PBXGroup;
			children = (
				FA663D401F774A16001C6F25 /* CreatePageViewController.h */,
				FA663D411F774A16001C6F25 /* CreatePageViewController.m */,
				FA663D421F774A16001C6F25 /* CreatePageViewController.xib */,
				FAEE903F1F7BF8A8008CC1CE /* TakePhotoViewController.h */,
				FAEE90401F7BF8A8008CC1CE /* TakePhotoViewController.m */,
				FAEE90411F7BF8A8008CC1CE /* TakePhotoViewController.xib */,
				656F590F1FAAFDF90017649A /* PublishViewController.h */,
				656F59101FAAFDF90017649A /* PublishViewController.m */,
				656F59111FAAFDF90017649A /* PublishViewController.xib */,
			);
			path = pages;
			sourceTree = "<group>";
		};
		FA663D451F77CE37001C6F25 /* evaluation */ = {
			isa = PBXGroup;
			children = (
				FA663D461F77CE56001C6F25 /* EvaluationViewController.h */,
				FA663D471F77CE56001C6F25 /* EvaluationViewController.m */,
				FA663D481F77CE56001C6F25 /* EvaluationViewController.xib */,
				FA663D4B1F77D011001C6F25 /* EvaluationCell.h */,
				FA663D4C1F77D011001C6F25 /* EvaluationCell.m */,
				FA663D4D1F77D011001C6F25 /* EvaluationCell.xib */,
			);
			path = evaluation;
			sourceTree = "<group>";
		};
		FA663D501F77D38D001C6F25 /* watchDate */ = {
			isa = PBXGroup;
			children = (
				FA663D511F77D39F001C6F25 /* WatchDateCell.h */,
				FA663D521F77D39F001C6F25 /* WatchDateCell.m */,
				FA663D531F77D39F001C6F25 /* WatchDateCell.xib */,
				FA663D561F77D3B3001C6F25 /* WatchDateViewController.h */,
				FA663D571F77D3B3001C6F25 /* WatchDateViewController.m */,
				FA663D581F77D3B3001C6F25 /* WatchDateViewController.xib */,
			);
			path = watchDate;
			sourceTree = "<group>";
		};
		FA663D5B1F77DD51001C6F25 /* detail */ = {
			isa = PBXGroup;
			children = (
				FAEE5A121F793DAC00874A49 /* idValid */,
				FA663D5C1F77DD68001C6F25 /* ProfileDetailViewController.h */,
				FA663D5D1F77DD68001C6F25 /* ProfileDetailViewController.m */,
				FA663D5E1F77DD68001C6F25 /* ProfileDetailViewController.xib */,
				FA663D611F77E2BD001C6F25 /* ProfileEditViewController.h */,
				FA663D621F77E2BD001C6F25 /* ProfileEditViewController.m */,
				FA663D631F77E2BD001C6F25 /* ProfileEditViewController.xib */,
			);
			path = detail;
			sourceTree = "<group>";
		};
		FA9C50951F83E01A0075C329 /* EmptyDataViews */ = {
			isa = PBXGroup;
			children = (
				FA9C509A1F83E05C0075C329 /* EmptyDataView.h */,
				FA9C509B1F83E05C0075C329 /* EmptyDataView.m */,
			);
			path = EmptyDataViews;
			sourceTree = "<group>";
		};
		FA9C50961F83E01A0075C329 /* SLSegmentView */ = {
			isa = PBXGroup;
			children = (
				FA9C50971F83E01A0075C329 /* SLSegmentPageView.h */,
				FA9C50981F83E01A0075C329 /* SLSegmentPageView.m */,
			);
			path = SLSegmentView;
			sourceTree = "<group>";
		};
		FAA4232F1F70006500C3736F = {
			isa = PBXGroup;
			children = (
				FAA4233A1F70006500C3736F /* Ctravel */,
				FAA423391F70006500C3736F /* Products */,
				CE79B4492687485F273FA4B2 /* Pods */,
				69311B996BB0CF29451C5DB9 /* Frameworks */,
			);
			sourceTree = "<group>";
		};
		FAA423391F70006500C3736F /* Products */ = {
			isa = PBXGroup;
			children = (
				FAA423381F70006500C3736F /* Ctravel.app */,
			);
			name = Products;
			sourceTree = "<group>";
		};
		FAA4233A1F70006500C3736F /* Ctravel */ = {
			isa = PBXGroup;
			children = (
				FAEE903B1F7BDEB5008CC1CE /* _model */,
				FAA423A31F71495A00C3736F /* _tool */,
				FAA423521F70061D00C3736F /* _const */,
				FAA423531F70061D00C3736F /* _library */,
				FAA423541F70061D00C3736F /* _platform */,
				FAA423551F70061D00C3736F /* _resource */,
				FAA423561F70061D00C3736F /* _scene */,
				FAA4233E1F70006500C3736F /* AppDelegate.h */,
				FAA4233F1F70006500C3736F /* AppDelegate.m */,
				FAA423441F70006500C3736F /* Main.storyboard */,
				FAA423491F70006500C3736F /* LaunchScreen.storyboard */,
				FAA4234C1F70006500C3736F /* Info.plist */,
				FAA4233B1F70006500C3736F /* Supporting Files */,
			);
			path = Ctravel;
			sourceTree = "<group>";
		};
		FAA4233B1F70006500C3736F /* Supporting Files */ = {
			isa = PBXGroup;
			children = (
				FAA4233C1F70006500C3736F /* main.m */,
			);
			name = "Supporting Files";
			sourceTree = "<group>";
		};
		FAA423521F70061D00C3736F /* _const */ = {
			isa = PBXGroup;
			children = (
				FAA4235B1F700A4900C3736F /* Const.h */,
				FAA4235C1F700A4900C3736F /* Const.m */,
				FAA423571F7008F300C3736F /* PreHeader.h */,
			);
			path = _const;
			sourceTree = "<group>";
		};
		FAA423531F70061D00C3736F /* _library */ = {
			isa = PBXGroup;
			children = (
				FAA423581F70091800C3736F /* Libraries.h */,
				FA9C50951F83E01A0075C329 /* EmptyDataViews */,
				FA9C50961F83E01A0075C329 /* SLSegmentView */,
				FAEE90341F7BC936008CC1CE /* LYPicker */,
				FAA4236B1F700B6800C3736F /* NSString+Validation */,
				FAA4235E1F700B3E00C3736F /* JJPhotoViewer */,
			);
			path = _library;
			sourceTree = "<group>";
		};
		FAA423541F70061D00C3736F /* _platform */ = {
			isa = PBXGroup;
			children = (
				657D87D81F70F05B00CD17DE /* ConfigKit */,
				657D87DA1F70F05B00CD17DE /* Core */,
				FAA4235A1F70099500C3736F /* Platform.h */,
			);
			path = _platform;
			sourceTree = "<group>";
		};
		FAA423551F70061D00C3736F /* _resource */ = {
			isa = PBXGroup;
			children = (
				657D87D61F70EA5900CD17DE /* Assets.xcassets */,
			);
			path = _resource;
			sourceTree = "<group>";
		};
		FAA423561F70061D00C3736F /* _scene */ = {
			isa = PBXGroup;
			children = (
				FAA423731F700E4900C3736F /* _client */,
				FAA423741F700E4900C3736F /* _server */,
				FAA4237A1F70101E00C3736F /* _login */,
				FAA423591F70096C00C3736F /* Views.h */,
			);
			path = _scene;
			sourceTree = "<group>";
		};
		FAA4235E1F700B3E00C3736F /* JJPhotoViewer */ = {
			isa = PBXGroup;
			children = (
				FAA4235F1F700B3E00C3736F /* JJMainScrollView.h */,
				FAA423601F700B3E00C3736F /* JJMainScrollView.m */,
				FAA423611F700B3E00C3736F /* JJOneScrollView.h */,
				FAA423621F700B3E00C3736F /* JJOneScrollView.m */,
				FAA423631F700B3E00C3736F /* JJPhoto.h */,
				FAA423641F700B3E00C3736F /* JJPhoto.m */,
				FAA423651F700B3E00C3736F /* JJPhotoManeger.h */,
				FAA423661F700B3E00C3736F /* JJPhotoManeger.m */,
			);
			path = JJPhotoViewer;
			sourceTree = "<group>";
		};
		FAA4236B1F700B6800C3736F /* NSString+Validation */ = {
			isa = PBXGroup;
			children = (
				FAA4236C1F700B6800C3736F /* NSString+Validation.h */,
				FAA4236D1F700B6800C3736F /* NSString+Validation.m */,
			);
			path = "NSString+Validation";
			sourceTree = "<group>";
		};
		FAA423731F700E4900C3736F /* _client */ = {
			isa = PBXGroup;
			children = (
				FAA423751F700F9C00C3736F /* profile */,
				FAA423761F700F9C00C3736F /* order */,
				FAA423771F700F9C00C3736F /* message */,
				FAA423781F700F9C00C3736F /* favorite */,
				FAA423791F700F9C00C3736F /* main */,
			);
			path = _client;
			sourceTree = "<group>";
		};
		FAA423741F700E4900C3736F /* _server */ = {
			isa = PBXGroup;
			children = (
				FA663D241F765EE0001C6F25 /* message */,
				FA663D251F765EE0001C6F25 /* profile */,
				FA663D201F765E98001C6F25 /* order */,
				FA663D221F765E98001C6F25 /* date */,
				FA663D231F765E98001C6F25 /* main */,
			);
			path = _server;
			sourceTree = "<group>";
		};
		FAA423751F700F9C00C3736F /* profile */ = {
			isa = PBXGroup;
			children = (
				FA663D5B1F77DD51001C6F25 /* detail */,
				FAA423AA1F740C8600C3736F /* master */,
				FAA423AB1F740C8600C3736F /* help */,
				FAA423AC1F740C8600C3736F /* setting */,
				FAA423941F7015F400C3736F /* ClientProfileViewController.h */,
				FAA423951F7015F400C3736F /* ClientProfileViewController.m */,
				FAA423961F7015F400C3736F /* ClientProfileViewController.xib */,
			);
			path = profile;
			sourceTree = "<group>";
		};
		FAA423761F700F9C00C3736F /* order */ = {
			isa = PBXGroup;
			children = (
				FAEE5A0C1F79311900874A49 /* orderList */,
				FAEE5A061F792D6D00874A49 /* orderCell */,
				FAA4238F1F7015DD00C3736F /* ClientOrderViewController.h */,
				FAA423901F7015DD00C3736F /* ClientOrderViewController.m */,
				FAA423911F7015DD00C3736F /* ClientOrderViewController.xib */,
			);
			path = order;
			sourceTree = "<group>";
		};
		FAA423771F700F9C00C3736F /* message */ = {
			isa = PBXGroup;
			children = (
				FA05D7FF1F75419400893EE3 /* clientMsgCell */,
				FAA4238A1F7015C800C3736F /* ClientMsgViewController.h */,
				FAA4238B1F7015C800C3736F /* ClientMsgViewController.m */,
				FAA4238C1F7015C800C3736F /* ClientMsgViewController.xib */,
			);
			path = message;
			sourceTree = "<group>";
		};
		FAA423781F700F9C00C3736F /* favorite */ = {
			isa = PBXGroup;
			children = (
				FA663D191F761744001C6F25 /* favDetail */,
				FA663D451F77CE37001C6F25 /* evaluation */,
				FA663D501F77D38D001C6F25 /* watchDate */,
				FAA423851F70159200C3736F /* FavoriteViewController.h */,
				FAA423861F70159200C3736F /* FavoriteViewController.m */,
				FAA423871F70159200C3736F /* FavoriteViewController.xib */,
			);
			path = favorite;
			sourceTree = "<group>";
		};
		FAA423791F700F9C00C3736F /* main */ = {
			isa = PBXGroup;
			children = (
				FAA423BC1F74148600C3736F /* collectionCell */,
				FAA423991F70162500C3736F /* ClientMainPageViewController.h */,
				FAA4239A1F70162500C3736F /* ClientMainPageViewController.m */,
				FAA4239B1F70162500C3736F /* ClientMainPageViewController.xib */,
			);
			path = main;
			sourceTree = "<group>";
		};
		FAA4237A1F70101E00C3736F /* _login */ = {
			isa = PBXGroup;
			children = (
				FAA4237B1F7010E000C3736F /* LoginChooseViewController.h */,
				FAA4237C1F7010E000C3736F /* LoginChooseViewController.m */,
				FAA4237D1F7010E000C3736F /* LoginChooseViewController.xib */,
				FAA4239E1F701AEA00C3736F /* LoginViewController.h */,
				FAA4239F1F701AEA00C3736F /* LoginViewController.m */,
				FAA423A01F701AEA00C3736F /* LoginViewController.xib */,
			);
			path = _login;
			sourceTree = "<group>";
		};
		FAA423A31F71495A00C3736F /* _tool */ = {
			isa = PBXGroup;
			children = (
				FAA423A41F71498A00C3736F /* CoreAPI.h */,
				FAA423A51F71498A00C3736F /* CoreAPI.m */,
			);
			path = _tool;
			sourceTree = "<group>";
		};
		FAA423AA1F740C8600C3736F /* master */ = {
			isa = PBXGroup;
			children = (
				FAA423B71F740CC400C3736F /* MasterViewController.h */,
				FAA423B81F740CC400C3736F /* MasterViewController.m */,
				FAA423B91F740CC400C3736F /* MasterViewController.xib */,
			);
			path = master;
			sourceTree = "<group>";
		};
		FAA423AB1F740C8600C3736F /* help */ = {
			isa = PBXGroup;
			children = (
				FAA423B21F740CB800C3736F /* HelpViewController.h */,
				FAA423B31F740CB800C3736F /* HelpViewController.m */,
				FAA423B41F740CB800C3736F /* HelpViewController.xib */,
			);
			path = help;
			sourceTree = "<group>";
		};
		FAA423AC1F740C8600C3736F /* setting */ = {
			isa = PBXGroup;
			children = (
				FAA423AD1F740CA400C3736F /* SettingViewController.h */,
				FAA423AE1F740CA400C3736F /* SettingViewController.m */,
				FAA423AF1F740CA400C3736F /* SettingViewController.xib */,
			);
			path = setting;
			sourceTree = "<group>";
		};
		FAA423BC1F74148600C3736F /* collectionCell */ = {
			isa = PBXGroup;
			children = (
				FAA423BD1F7414B600C3736F /* HotDestinationCell.h */,
				FAA423BE1F7414B600C3736F /* HotDestinationCell.m */,
				FAA423BF1F7414B600C3736F /* HotDestinationCell.xib */,
				FAA423C21F7414D100C3736F /* HotExperienceCell.h */,
				FAA423C31F7414D100C3736F /* HotExperienceCell.m */,
				FAA423C41F7414D100C3736F /* HotExperienceCell.xib */,
			);
			path = collectionCell;
			sourceTree = "<group>";
		};
		FAEE5A061F792D6D00874A49 /* orderCell */ = {
			isa = PBXGroup;
			children = (
				FAEE5A071F792D8A00874A49 /* ClientOrderCell.h */,
				FAEE5A081F792D8A00874A49 /* ClientOrderCell.m */,
				FAEE5A091F792D8A00874A49 /* ClientOrderCell.xib */,
			);
			path = orderCell;
			sourceTree = "<group>";
		};
		FAEE5A0C1F79311900874A49 /* orderList */ = {
			isa = PBXGroup;
			children = (
				FAEE5A0D1F79313200874A49 /* ClientOrderListViewController.h */,
				FAEE5A0E1F79313200874A49 /* ClientOrderListViewController.m */,
				FAEE5A0F1F79313200874A49 /* ClientOrderListViewController.xib */,
				FA9C509D1F83E1570075C329 /* ClientCompleteViewController.h */,
				FA9C509E1F83E1570075C329 /* ClientCompleteViewController.m */,
				FA9C509F1F83E1570075C329 /* ClientCompleteViewController.xib */,
			);
			path = orderList;
			sourceTree = "<group>";
		};
		FAEE5A121F793DAC00874A49 /* idValid */ = {
			isa = PBXGroup;
			children = (
				FAEE5A131F793DBB00874A49 /* IDValidViewController.h */,
				FAEE5A141F793DBB00874A49 /* IDValidViewController.m */,
				FAEE5A151F793DBB00874A49 /* IDValidViewController.xib */,
			);
			path = idValid;
			sourceTree = "<group>";
		};
		FAEE5A181F79421400874A49 /* commonDes */ = {
			isa = PBXGroup;
			children = (
				FAEE5A191F79422600874A49 /* CommonDesViewController.h */,
				FAEE5A1A1F79422600874A49 /* CommonDesViewController.m */,
				FAEE5A1B1F79422600874A49 /* CommonDesViewController.xib */,
			);
			path = commonDes;
			sourceTree = "<group>";
		};
		FAEE90341F7BC936008CC1CE /* LYPicker */ = {
			isa = PBXGroup;
			children = (
				FAEE90351F7BC936008CC1CE /* LYAreaPicker.h */,
				FAEE90361F7BC936008CC1CE /* LYAreaPicker.m */,
				FAEE90371F7BC936008CC1CE /* LYPicker.h */,
				FAEE90381F7BC936008CC1CE /* LYPicker.m */,
				6587C1D31FA9C2C5006CBC6E /* LYDatePicker.h */,
				6587C1D21FA9C2C5006CBC6E /* LYDatePicker.m */,
			);
			path = LYPicker;
			sourceTree = "<group>";
		};
		FAEE903B1F7BDEB5008CC1CE /* _model */ = {
			isa = PBXGroup;
			children = (
				FAA423A71F7167E100C3736F /* User.h */,
				FAA423A81F7167E100C3736F /* User.m */,
				FAEE903C1F7BDF0F008CC1CE /* Experience.h */,
				FAEE903D1F7BDF0F008CC1CE /* Experience.m */,
			);
			path = _model;
			sourceTree = "<group>";
		};
/* End PBXGroup section */

/* Begin PBXNativeTarget section */
		FAA423371F70006500C3736F /* Ctravel */ = {
			isa = PBXNativeTarget;
			buildConfigurationList = FAA4234F1F70006500C3736F /* Build configuration list for PBXNativeTarget "Ctravel" */;
			buildPhases = (
				D47CABDC44C1CC585C89100F /* [CP] Check Pods Manifest.lock */,
				FAA423341F70006500C3736F /* Sources */,
				FAA423351F70006500C3736F /* Frameworks */,
				FAA423361F70006500C3736F /* Resources */,
				C26C15B3A3F49389B171BBEC /* [CP] Embed Pods Frameworks */,
				00063AEE78F614672F6D882B /* [CP] Copy Pods Resources */,
			);
			buildRules = (
			);
			dependencies = (
			);
			name = Ctravel;
			productName = Ctravel;
			productReference = FAA423381F70006500C3736F /* Ctravel.app */;
			productType = "com.apple.product-type.application";
		};
/* End PBXNativeTarget section */

/* Begin PBXProject section */
		FAA423301F70006500C3736F /* Project object */ = {
			isa = PBXProject;
			attributes = {
				LastUpgradeCheck = 0830;
				ORGANIZATIONNAME = apple;
				TargetAttributes = {
					FAA423371F70006500C3736F = {
						CreatedOnToolsVersion = 8.3;
						DevelopmentTeam = MG7K4Z98K7;
						ProvisioningStyle = Automatic;
					};
				};
			};
			buildConfigurationList = FAA423331F70006500C3736F /* Build configuration list for PBXProject "Ctravel" */;
			compatibilityVersion = "Xcode 3.2";
			developmentRegion = English;
			hasScannedForEncodings = 0;
			knownRegions = (
				en,
				Base,
			);
			mainGroup = FAA4232F1F70006500C3736F;
			productRefGroup = FAA423391F70006500C3736F /* Products */;
			projectDirPath = "";
			projectRoot = "";
			targets = (
				FAA423371F70006500C3736F /* Ctravel */,
			);
		};
/* End PBXProject section */

/* Begin PBXResourcesBuildPhase section */
		FAA423361F70006500C3736F /* Resources */ = {
			isa = PBXResourcesBuildPhase;
			buildActionMask = 2147483647;
			files = (
				656F59131FAAFDF90017649A /* PublishViewController.xib in Resources */,
				FA04A8591F98F1FE009A72DE /* ReceivablesViewController.xib in Resources */,
				FAF8D3C61F9CE57E00D6063E /* BuyProViewController.xib in Resources */,
				FAEE5A1D1F79422600874A49 /* CommonDesViewController.xib in Resources */,
				FA663D2A1F765EFA001C6F25 /* ServerMainViewController.xib in Resources */,
				FAA423A21F701AEA00C3736F /* LoginViewController.xib in Resources */,
				657D87DD1F70F05B00CD17DE /* com.huaaotech.core.conf.plist in Resources */,
				FAA423931F7015DD00C3736F /* ClientOrderViewController.xib in Resources */,
				FAA423B11F740CA400C3736F /* SettingViewController.xib in Resources */,
				FA663D601F77DD68001C6F25 /* ProfileDetailViewController.xib in Resources */,
				6587C1C71FA97390006CBC6E /* ServerOrderCell.xib in Resources */,
				FAA423C11F7414B600C3736F /* HotDestinationCell.xib in Resources */,
				FAA4234B1F70006500C3736F /* LaunchScreen.storyboard in Resources */,
				FA663D5A1F77D3B3001C6F25 /* WatchDateViewController.xib in Resources */,
				FA9C50A11F83E1570075C329 /* ClientCompleteViewController.xib in Resources */,
				FAA423BB1F740CC400C3736F /* MasterViewController.xib in Resources */,
				FA663D4F1F77D011001C6F25 /* EvaluationCell.xib in Resources */,
				FAA423B61F740CB800C3736F /* HelpViewController.xib in Resources */,
				FA663D391F765F35001C6F25 /* ServerProfileViewController.xib in Resources */,
				FA663D551F77D39F001C6F25 /* WatchDateCell.xib in Resources */,
				FAA423891F70159200C3736F /* FavoriteViewController.xib in Resources */,
				FA663D441F774A16001C6F25 /* CreatePageViewController.xib in Resources */,
				FA663D3E1F765F48001C6F25 /* ServerMessageViewController.xib in Resources */,
				657D87D71F70EA5900CD17DE /* Assets.xcassets in Resources */,
				FA663D2F1F765F0F001C6F25 /* DateViewController.xib in Resources */,
				657D87DC1F70F05B00CD17DE /* conf-system-style.plist in Resources */,
				FA663D1E1F761756001C6F25 /* FavDetailViewController.xib in Resources */,
				FA663D341F765F21001C6F25 /* ServerOrderViewController.xib in Resources */,
				FA663D651F77E2BD001C6F25 /* ProfileEditViewController.xib in Resources */,
				6587C1D11FA97C86006CBC6E /* ServerOrderListViewController.xib in Resources */,
				FAA423981F7015F400C3736F /* ClientProfileViewController.xib in Resources */,
				FAA4239D1F70162500C3736F /* ClientMainPageViewController.xib in Resources */,
				FAEE90431F7BF8A8008CC1CE /* TakePhotoViewController.xib in Resources */,
				FA04A85F1F98F4CE009A72DE /* IncomeViewController.xib in Resources */,
				FAA423461F70006500C3736F /* Main.storyboard in Resources */,
				FA05D8041F7541AA00893EE3 /* ClientMsgCell.xib in Resources */,
				FAA4238E1F7015C800C3736F /* ClientMsgViewController.xib in Resources */,
				6587C1CC1FA973CB006CBC6E /* ServerOrderHistoryListViewController.xib in Resources */,
				FAA423C61F7414D100C3736F /* HotExperienceCell.xib in Resources */,
				FAEE5A111F79313200874A49 /* ClientOrderListViewController.xib in Resources */,
				FA663D4A1F77CE56001C6F25 /* EvaluationViewController.xib in Resources */,
				FAA4237F1F7010E000C3736F /* LoginChooseViewController.xib in Resources */,
				FAEE5A171F793DBB00874A49 /* IDValidViewController.xib in Resources */,
				FAEE5A0B1F792D8A00874A49 /* ClientOrderCell.xib in Resources */,
			);
			runOnlyForDeploymentPostprocessing = 0;
		};
/* End PBXResourcesBuildPhase section */

/* Begin PBXShellScriptBuildPhase section */
		00063AEE78F614672F6D882B /* [CP] Copy Pods Resources */ = {
			isa = PBXShellScriptBuildPhase;
			buildActionMask = 2147483647;
			files = (
			);
			inputPaths = (
				"${SRCROOT}/Pods/Target Support Files/Pods-Ctravel/Pods-Ctravel-resources.sh",
				"${PODS_ROOT}/Pingpp/lib/Channels/Alipay/AlipaySDK.bundle",
				"${PODS_ROOT}/Pingpp/lib/Pingpp.bundle",
			);
			name = "[CP] Copy Pods Resources";
			outputPaths = (
				"${TARGET_BUILD_DIR}/${UNLOCALIZED_RESOURCES_FOLDER_PATH}",
			);
			runOnlyForDeploymentPostprocessing = 0;
			shellPath = /bin/sh;
			shellScript = "\"${SRCROOT}/Pods/Target Support Files/Pods-Ctravel/Pods-Ctravel-resources.sh\"\n";
			showEnvVarsInLog = 0;
		};
		C26C15B3A3F49389B171BBEC /* [CP] Embed Pods Frameworks */ = {
			isa = PBXShellScriptBuildPhase;
			buildActionMask = 2147483647;
			files = (
			);
			inputPaths = (
				"${SRCROOT}/Pods/Target Support Files/Pods-Ctravel/Pods-Ctravel-frameworks.sh",
				"${BUILT_PRODUCTS_DIR}/AFNetworking/AFNetworking.framework",
				"${BUILT_PRODUCTS_DIR}/AliyunOSSiOS/AliyunOSSiOS.framework",
				"${BUILT_PRODUCTS_DIR}/BlocksKit/BlocksKit.framework",
				"${BUILT_PRODUCTS_DIR}/ConfigKit/ConfigKit.framework",
				"${BUILT_PRODUCTS_DIR}/FCFileManager/FCFileManager.framework",
				"${BUILT_PRODUCTS_DIR}/FCUUID/FCUUID.framework",
				"${BUILT_PRODUCTS_DIR}/FileManager/FileManager.framework",
				"${BUILT_PRODUCTS_DIR}/FreeStreamer/FreeStreamer.framework",
				"${BUILT_PRODUCTS_DIR}/HACore/HACore.framework",
				"${BUILT_PRODUCTS_DIR}/HALogKit/HALogKit.framework",
				"${BUILT_PRODUCTS_DIR}/JTCalendar/JTCalendar.framework",
				"${BUILT_PRODUCTS_DIR}/LYCategory/LYCategory.framework",
				"${BUILT_PRODUCTS_DIR}/LYPopView/LYPopView.framework",
				"${BUILT_PRODUCTS_DIR}/MJRefresh/MJRefresh.framework",
				"${BUILT_PRODUCTS_DIR}/Masonry/Masonry.framework",
				"${BUILT_PRODUCTS_DIR}/ModuleProgressHUD/ModuleProgressHUD.framework",
				"${BUILT_PRODUCTS_DIR}/ModulePullRefresh/ModulePullRefresh.framework",
				"${BUILT_PRODUCTS_DIR}/Reachability/Reachability.framework",
				"${BUILT_PRODUCTS_DIR}/SVProgressHUD/SVProgressHUD.framework",
				"${BUILT_PRODUCTS_DIR}/UICKeyChainStore/UICKeyChainStore.framework",
			);
			name = "[CP] Embed Pods Frameworks";
			outputPaths = (
				"${TARGET_BUILD_DIR}/${FRAMEWORKS_FOLDER_PATH}/AFNetworking.framework",
				"${TARGET_BUILD_DIR}/${FRAMEWORKS_FOLDER_PATH}/AliyunOSSiOS.framework",
				"${TARGET_BUILD_DIR}/${FRAMEWORKS_FOLDER_PATH}/BlocksKit.framework",
				"${TARGET_BUILD_DIR}/${FRAMEWORKS_FOLDER_PATH}/ConfigKit.framework",
				"${TARGET_BUILD_DIR}/${FRAMEWORKS_FOLDER_PATH}/FCFileManager.framework",
				"${TARGET_BUILD_DIR}/${FRAMEWORKS_FOLDER_PATH}/FCUUID.framework",
				"${TARGET_BUILD_DIR}/${FRAMEWORKS_FOLDER_PATH}/FileManager.framework",
				"${TARGET_BUILD_DIR}/${FRAMEWORKS_FOLDER_PATH}/FreeStreamer.framework",
				"${TARGET_BUILD_DIR}/${FRAMEWORKS_FOLDER_PATH}/HACore.framework",
				"${TARGET_BUILD_DIR}/${FRAMEWORKS_FOLDER_PATH}/HALogKit.framework",
				"${TARGET_BUILD_DIR}/${FRAMEWORKS_FOLDER_PATH}/JTCalendar.framework",
				"${TARGET_BUILD_DIR}/${FRAMEWORKS_FOLDER_PATH}/LYCategory.framework",
				"${TARGET_BUILD_DIR}/${FRAMEWORKS_FOLDER_PATH}/LYPopView.framework",
				"${TARGET_BUILD_DIR}/${FRAMEWORKS_FOLDER_PATH}/MJRefresh.framework",
				"${TARGET_BUILD_DIR}/${FRAMEWORKS_FOLDER_PATH}/Masonry.framework",
				"${TARGET_BUILD_DIR}/${FRAMEWORKS_FOLDER_PATH}/ModuleProgressHUD.framework",
				"${TARGET_BUILD_DIR}/${FRAMEWORKS_FOLDER_PATH}/ModulePullRefresh.framework",
				"${TARGET_BUILD_DIR}/${FRAMEWORKS_FOLDER_PATH}/Reachability.framework",
				"${TARGET_BUILD_DIR}/${FRAMEWORKS_FOLDER_PATH}/SVProgressHUD.framework",
				"${TARGET_BUILD_DIR}/${FRAMEWORKS_FOLDER_PATH}/UICKeyChainStore.framework",
			);
			runOnlyForDeploymentPostprocessing = 0;
			shellPath = /bin/sh;
			shellScript = "\"${SRCROOT}/Pods/Target Support Files/Pods-Ctravel/Pods-Ctravel-frameworks.sh\"\n";
			showEnvVarsInLog = 0;
		};
		D47CABDC44C1CC585C89100F /* [CP] Check Pods Manifest.lock */ = {
			isa = PBXShellScriptBuildPhase;
			buildActionMask = 2147483647;
			files = (
			);
			inputPaths = (
				"${PODS_PODFILE_DIR_PATH}/Podfile.lock",
				"${PODS_ROOT}/Manifest.lock",
			);
			name = "[CP] Check Pods Manifest.lock";
			outputPaths = (
				"$(DERIVED_FILE_DIR)/Pods-Ctravel-checkManifestLockResult.txt",
			);
			runOnlyForDeploymentPostprocessing = 0;
			shellPath = /bin/sh;
			shellScript = "diff \"${PODS_PODFILE_DIR_PATH}/Podfile.lock\" \"${PODS_ROOT}/Manifest.lock\" > /dev/null\nif [ $? != 0 ] ; then\n    # print error to STDERR\n    echo \"error: The sandbox is not in sync with the Podfile.lock. Run 'pod install' or update your CocoaPods installation.\" >&2\n    exit 1\nfi\n# This output is used by Xcode 'outputs' to avoid re-running this script phase.\necho \"SUCCESS\" > \"${SCRIPT_OUTPUT_FILE_0}\"\n";
			showEnvVarsInLog = 0;
		};
/* End PBXShellScriptBuildPhase section */

/* Begin PBXSourcesBuildPhase section */
		FAA423341F70006500C3736F /* Sources */ = {
			isa = PBXSourcesBuildPhase;
			buildActionMask = 2147483647;
			files = (
				6587C1D01FA97C86006CBC6E /* ServerOrderListViewController.m in Sources */,
				FAA4236A1F700B3E00C3736F /* JJPhotoManeger.m in Sources */,
				FAA423C51F7414D100C3736F /* HotExperienceCell.m in Sources */,
				FAA423921F7015DD00C3736F /* ClientOrderViewController.m in Sources */,
				FAA423681F700B3E00C3736F /* JJOneScrollView.m in Sources */,
				FA663D431F774A16001C6F25 /* CreatePageViewController.m in Sources */,
				FAA423B51F740CB800C3736F /* HelpViewController.m in Sources */,
				FAEE903A1F7BC936008CC1CE /* LYPicker.m in Sources */,
				FAEE903E1F7BDF0F008CC1CE /* Experience.m in Sources */,
				FAA4236E1F700B6800C3736F /* NSString+Validation.m in Sources */,
				6587C1CB1FA973CB006CBC6E /* ServerOrderHistoryListViewController.m in Sources */,
				FA663D331F765F21001C6F25 /* ServerOrderViewController.m in Sources */,
				FAA423BA1F740CC400C3736F /* MasterViewController.m in Sources */,
				FA663D3D1F765F48001C6F25 /* ServerMessageViewController.m in Sources */,
				FAA4235D1F700A4900C3736F /* Const.m in Sources */,
				FAA423971F7015F400C3736F /* ClientProfileViewController.m in Sources */,
				FA663D4E1F77D011001C6F25 /* EvaluationCell.m in Sources */,
				6587C1C61FA97390006CBC6E /* ServerOrderCell.m in Sources */,
				FAA423A61F71498A00C3736F /* CoreAPI.m in Sources */,
				FAEE5A161F793DBB00874A49 /* IDValidViewController.m in Sources */,
				FAA423A11F701AEA00C3736F /* LoginViewController.m in Sources */,
				FAA423401F70006500C3736F /* AppDelegate.m in Sources */,
				FAEE5A1C1F79422600874A49 /* CommonDesViewController.m in Sources */,
				FAEE5A101F79313200874A49 /* ClientOrderListViewController.m in Sources */,
				FAA4239C1F70162500C3736F /* ClientMainPageViewController.m in Sources */,
				FA663D1D1F761756001C6F25 /* FavDetailViewController.m in Sources */,
				6587C1D41FA9C2C5006CBC6E /* LYDatePicker.m in Sources */,
				FAA423671F700B3E00C3736F /* JJMainScrollView.m in Sources */,
				FA04A85E1F98F4CE009A72DE /* IncomeViewController.m in Sources */,
				FAEE90421F7BF8A8008CC1CE /* TakePhotoViewController.m in Sources */,
				FAA423C01F7414B600C3736F /* HotDestinationCell.m in Sources */,
				FA04A8581F98F1FE009A72DE /* ReceivablesViewController.m in Sources */,
				FA9C50A01F83E1570075C329 /* ClientCompleteViewController.m in Sources */,
				FA663D641F77E2BD001C6F25 /* ProfileEditViewController.m in Sources */,
				FAA4238D1F7015C800C3736F /* ClientMsgViewController.m in Sources */,
				FA663D291F765EFA001C6F25 /* ServerMainViewController.m in Sources */,
				FA663D2E1F765F0F001C6F25 /* DateViewController.m in Sources */,
				FAEE5A0A1F792D8A00874A49 /* ClientOrderCell.m in Sources */,
				FA663D5F1F77DD68001C6F25 /* ProfileDetailViewController.m in Sources */,
				FAA4237E1F7010E000C3736F /* LoginChooseViewController.m in Sources */,
				FA05D8031F7541AA00893EE3 /* ClientMsgCell.m in Sources */,
				FAA423A91F7167E100C3736F /* User.m in Sources */,
				FA663D381F765F35001C6F25 /* ServerProfileViewController.m in Sources */,
				FA9C509C1F83E05C0075C329 /* EmptyDataView.m in Sources */,
				FA663D541F77D39F001C6F25 /* WatchDateCell.m in Sources */,
				FAA423691F700B3E00C3736F /* JJPhoto.m in Sources */,
				FA663D491F77CE56001C6F25 /* EvaluationViewController.m in Sources */,
				FA9C50991F83E01A0075C329 /* SLSegmentPageView.m in Sources */,
				FA663D591F77D3B3001C6F25 /* WatchDateViewController.m in Sources */,
				FAA4233D1F70006500C3736F /* main.m in Sources */,
				FAA423881F70159200C3736F /* FavoriteViewController.m in Sources */,
				FAA423B01F740CA400C3736F /* SettingViewController.m in Sources */,
				FAEE90391F7BC936008CC1CE /* LYAreaPicker.m in Sources */,
				656F59121FAAFDF90017649A /* PublishViewController.m in Sources */,
				FAF8D3C51F9CE57E00D6063E /* BuyProViewController.m in Sources */,
			);
			runOnlyForDeploymentPostprocessing = 0;
		};
/* End PBXSourcesBuildPhase section */

/* Begin PBXVariantGroup section */
		FAA423441F70006500C3736F /* Main.storyboard */ = {
			isa = PBXVariantGroup;
			children = (
				FAA423451F70006500C3736F /* Base */,
				FAD5FEF41F7D32AA002E2FC0 /* zh-Hans */,
			);
			name = Main.storyboard;
			sourceTree = "<group>";
		};
		FAA423491F70006500C3736F /* LaunchScreen.storyboard */ = {
			isa = PBXVariantGroup;
			children = (
				FAA4234A1F70006500C3736F /* Base */,
				FAD5FEF51F7D32AA002E2FC0 /* zh-Hans */,
			);
			name = LaunchScreen.storyboard;
			sourceTree = "<group>";
		};
/* End PBXVariantGroup section */

/* Begin XCBuildConfiguration section */
		FAA4234D1F70006500C3736F /* Debug */ = {
			isa = XCBuildConfiguration;
			buildSettings = {
				ALWAYS_SEARCH_USER_PATHS = NO;
				CLANG_ANALYZER_LOCALIZABILITY_NONLOCALIZED = YES;
				CLANG_ANALYZER_NONNULL = YES;
				CLANG_ANALYZER_NUMBER_OBJECT_CONVERSION = YES_AGGRESSIVE;
				CLANG_CXX_LANGUAGE_STANDARD = "gnu++0x";
				CLANG_CXX_LIBRARY = "libc++";
				CLANG_ENABLE_MODULES = YES;
				CLANG_ENABLE_OBJC_ARC = YES;
				CLANG_WARN_BOOL_CONVERSION = YES;
				CLANG_WARN_CONSTANT_CONVERSION = YES;
				CLANG_WARN_DIRECT_OBJC_ISA_USAGE = YES_ERROR;
				CLANG_WARN_DOCUMENTATION_COMMENTS = YES;
				CLANG_WARN_EMPTY_BODY = YES;
				CLANG_WARN_ENUM_CONVERSION = YES;
				CLANG_WARN_INFINITE_RECURSION = YES;
				CLANG_WARN_INT_CONVERSION = YES;
				CLANG_WARN_OBJC_ROOT_CLASS = YES_ERROR;
				CLANG_WARN_SUSPICIOUS_MOVE = YES;
				CLANG_WARN_UNREACHABLE_CODE = YES;
				CLANG_WARN__DUPLICATE_METHOD_MATCH = YES;
				"CODE_SIGN_IDENTITY[sdk=iphoneos*]" = "iPhone Developer";
				COPY_PHASE_STRIP = NO;
				DEBUG_INFORMATION_FORMAT = dwarf;
				ENABLE_STRICT_OBJC_MSGSEND = YES;
				ENABLE_TESTABILITY = YES;
				GCC_C_LANGUAGE_STANDARD = gnu99;
				GCC_DYNAMIC_NO_PIC = NO;
				GCC_NO_COMMON_BLOCKS = YES;
				GCC_OPTIMIZATION_LEVEL = 0;
				GCC_PREPROCESSOR_DEFINITIONS = (
					"DEBUG=1",
					"$(inherited)",
				);
				GCC_WARN_64_TO_32_BIT_CONVERSION = YES;
				GCC_WARN_ABOUT_RETURN_TYPE = YES_ERROR;
				GCC_WARN_UNDECLARED_SELECTOR = YES;
				GCC_WARN_UNINITIALIZED_AUTOS = YES_AGGRESSIVE;
				GCC_WARN_UNUSED_FUNCTION = YES;
				GCC_WARN_UNUSED_VARIABLE = YES;
				IPHONEOS_DEPLOYMENT_TARGET = 10.3;
				MTL_ENABLE_DEBUG_INFO = YES;
				ONLY_ACTIVE_ARCH = YES;
				SDKROOT = iphoneos;
			};
			name = Debug;
		};
		FAA4234E1F70006500C3736F /* Release */ = {
			isa = XCBuildConfiguration;
			buildSettings = {
				ALWAYS_SEARCH_USER_PATHS = NO;
				CLANG_ANALYZER_LOCALIZABILITY_NONLOCALIZED = YES;
				CLANG_ANALYZER_NONNULL = YES;
				CLANG_ANALYZER_NUMBER_OBJECT_CONVERSION = YES_AGGRESSIVE;
				CLANG_CXX_LANGUAGE_STANDARD = "gnu++0x";
				CLANG_CXX_LIBRARY = "libc++";
				CLANG_ENABLE_MODULES = YES;
				CLANG_ENABLE_OBJC_ARC = YES;
				CLANG_WARN_BOOL_CONVERSION = YES;
				CLANG_WARN_CONSTANT_CONVERSION = YES;
				CLANG_WARN_DIRECT_OBJC_ISA_USAGE = YES_ERROR;
				CLANG_WARN_DOCUMENTATION_COMMENTS = YES;
				CLANG_WARN_EMPTY_BODY = YES;
				CLANG_WARN_ENUM_CONVERSION = YES;
				CLANG_WARN_INFINITE_RECURSION = YES;
				CLANG_WARN_INT_CONVERSION = YES;
				CLANG_WARN_OBJC_ROOT_CLASS = YES_ERROR;
				CLANG_WARN_SUSPICIOUS_MOVE = YES;
				CLANG_WARN_UNREACHABLE_CODE = YES;
				CLANG_WARN__DUPLICATE_METHOD_MATCH = YES;
				"CODE_SIGN_IDENTITY[sdk=iphoneos*]" = "iPhone Developer";
				COPY_PHASE_STRIP = NO;
				DEBUG_INFORMATION_FORMAT = "dwarf-with-dsym";
				ENABLE_NS_ASSERTIONS = NO;
				ENABLE_STRICT_OBJC_MSGSEND = YES;
				GCC_C_LANGUAGE_STANDARD = gnu99;
				GCC_NO_COMMON_BLOCKS = YES;
				GCC_WARN_64_TO_32_BIT_CONVERSION = YES;
				GCC_WARN_ABOUT_RETURN_TYPE = YES_ERROR;
				GCC_WARN_UNDECLARED_SELECTOR = YES;
				GCC_WARN_UNINITIALIZED_AUTOS = YES_AGGRESSIVE;
				GCC_WARN_UNUSED_FUNCTION = YES;
				GCC_WARN_UNUSED_VARIABLE = YES;
				IPHONEOS_DEPLOYMENT_TARGET = 10.3;
				MTL_ENABLE_DEBUG_INFO = NO;
				SDKROOT = iphoneos;
				VALIDATE_PRODUCT = YES;
			};
			name = Release;
		};
		FAA423501F70006500C3736F /* Debug */ = {
			isa = XCBuildConfiguration;
			baseConfigurationReference = F223FEFEBA994EF4956C3534 /* Pods-Ctravel.debug.xcconfig */;
			buildSettings = {
				ASSETCATALOG_COMPILER_APPICON_NAME = AppIcon;
				DEVELOPMENT_TEAM = MG7K4Z98K7;
				INFOPLIST_FILE = Ctravel/Info.plist;
				IPHONEOS_DEPLOYMENT_TARGET = 8.2;
				LD_RUNPATH_SEARCH_PATHS = "$(inherited) @executable_path/Frameworks";
				PRODUCT_BUNDLE_IDENTIFIER = apple.fyc.Ctravel;
				PRODUCT_NAME = "$(TARGET_NAME)";
				TARGETED_DEVICE_FAMILY = 1;
			};
			name = Debug;
		};
		FAA423511F70006500C3736F /* Release */ = {
			isa = XCBuildConfiguration;
			baseConfigurationReference = 9BD509F4D33881358D3F5EDA /* Pods-Ctravel.release.xcconfig */;
			buildSettings = {
				ASSETCATALOG_COMPILER_APPICON_NAME = AppIcon;
				DEVELOPMENT_TEAM = MG7K4Z98K7;
				INFOPLIST_FILE = Ctravel/Info.plist;
				IPHONEOS_DEPLOYMENT_TARGET = 8.2;
				LD_RUNPATH_SEARCH_PATHS = "$(inherited) @executable_path/Frameworks";
				PRODUCT_BUNDLE_IDENTIFIER = apple.fyc.Ctravel;
				PRODUCT_NAME = "$(TARGET_NAME)";
				TARGETED_DEVICE_FAMILY = 1;
			};
			name = Release;
		};
/* End XCBuildConfiguration section */

/* Begin XCConfigurationList section */
		FAA423331F70006500C3736F /* Build configuration list for PBXProject "Ctravel" */ = {
			isa = XCConfigurationList;
			buildConfigurations = (
				FAA4234D1F70006500C3736F /* Debug */,
				FAA4234E1F70006500C3736F /* Release */,
			);
			defaultConfigurationIsVisible = 0;
			defaultConfigurationName = Release;
		};
		FAA4234F1F70006500C3736F /* Build configuration list for PBXNativeTarget "Ctravel" */ = {
			isa = XCConfigurationList;
			buildConfigurations = (
				FAA423501F70006500C3736F /* Debug */,
				FAA423511F70006500C3736F /* Release */,
			);
			defaultConfigurationIsVisible = 0;
			defaultConfigurationName = Release;
		};
/* End XCConfigurationList section */
	};
	rootObject = FAA423301F70006500C3736F /* Project object */;
}
